// !$*UTF8*$!
{
	archiveVersion = 1;
	classes = {
	};
	objectVersion = 56;
	objects = {

/* Begin PBXBuildFile section */
		409CE1A32A3BFA9300620CAA /* TestServerApp.swift in Sources */ = {isa = PBXBuildFile; fileRef = 409CE1A22A3BFA9300620CAA /* TestServerApp.swift */; };
		409CE1A52A3BFA9300620CAA /* ContentView.swift in Sources */ = {isa = PBXBuildFile; fileRef = 409CE1A42A3BFA9300620CAA /* ContentView.swift */; };
		409CE1A72A3BFA9500620CAA /* Assets.xcassets in Resources */ = {isa = PBXBuildFile; fileRef = 409CE1A62A3BFA9500620CAA /* Assets.xcassets */; };
		409CE1AA2A3BFA9500620CAA /* Preview Assets.xcassets in Resources */ = {isa = PBXBuildFile; fileRef = 409CE1A92A3BFA9500620CAA /* Preview Assets.xcassets */; };
		409CE1B32A3CD96000620CAA /* CBLTestServer.mm in Sources */ = {isa = PBXBuildFile; fileRef = 409CE1B22A3CD96000620CAA /* CBLTestServer.mm */; };
		409CE1D82A3CD9BE00620CAA /* CBLManager.cpp in Sources */ = {isa = PBXBuildFile; fileRef = 409CE1B82A3CD9BE00620CAA /* CBLManager.cpp */; };
		409CE1D92A3CD9BE00620CAA /* Request.cpp in Sources */ = {isa = PBXBuildFile; fileRef = 409CE1BA2A3CD9BE00620CAA /* Request.cpp */; };
		409CE1DA2A3CD9BE00620CAA /* TestServer.cpp in Sources */ = {isa = PBXBuildFile; fileRef = 409CE1BC2A3CD9BE00620CAA /* TestServer.cpp */; };
		409CE1DB2A3CD9BE00620CAA /* Device+Apple.mm in Sources */ = {isa = PBXBuildFile; fileRef = 409CE1BE2A3CD9BE00620CAA /* Device+Apple.mm */; };
		409CE1DC2A3CD9BE00620CAA /* Exception.cpp in Sources */ = {isa = PBXBuildFile; fileRef = 409CE1C22A3CD9BE00620CAA /* Exception.cpp */; };
		409CE1DE2A3CD9BE00620CAA /* UUID.cpp in Sources */ = {isa = PBXBuildFile; fileRef = 409CE1C52A3CD9BE00620CAA /* UUID.cpp */; };
		409CE1E02A3CD9BE00620CAA /* Zip.cpp in Sources */ = {isa = PBXBuildFile; fileRef = 409CE1CC2A3CD9BE00620CAA /* Zip.cpp */; };
		409CE1E12A3CD9BE00620CAA /* Files+Apple.mm in Sources */ = {isa = PBXBuildFile; fileRef = 409CE1CD2A3CD9BE00620CAA /* Files+Apple.mm */; };
		409CE1E22A3CD9BE00620CAA /* Fleece.cpp in Sources */ = {isa = PBXBuildFile; fileRef = 409CE1CE2A3CD9BE00620CAA /* Fleece.cpp */; };
		409CE1E32A3CD9BE00620CAA /* Dispatcher.cpp in Sources */ = {isa = PBXBuildFile; fileRef = 409CE1CF2A3CD9BE00620CAA /* Dispatcher.cpp */; };
		409CE1E42A3CD9BE00620CAA /* CBLReplicationFilter.cpp in Sources */ = {isa = PBXBuildFile; fileRef = 409CE1D02A3CD9BE00620CAA /* CBLReplicationFilter.cpp */; };
		409CE1E52A3CD9BE00620CAA /* Dispatcher+Handlers.cpp in Sources */ = {isa = PBXBuildFile; fileRef = 409CE1D42A3CD9BE00620CAA /* Dispatcher+Handlers.cpp */; };
		409CE1E62A3CD9BE00620CAA /* CollectionSpec.cpp in Sources */ = {isa = PBXBuildFile; fileRef = 409CE1D52A3CD9BE00620CAA /* CollectionSpec.cpp */; };
		409CE1EC2A3CDA9600620CAA /* civetweb.c in Sources */ = {isa = PBXBuildFile; fileRef = 409CE1EB2A3CDA9600620CAA /* civetweb.c */; };
		409CE2FA2A3CDB8400620CAA /* zip_err_str.c in Sources */ = {isa = PBXBuildFile; fileRef = 409CE2F92A3CDB8400620CAA /* zip_err_str.c */; };
		409CE2FD2A3CE38A00620CAA /* CouchbaseLite.xcframework in Frameworks */ = {isa = PBXBuildFile; fileRef = 409CE2FC2A3CE38900620CAA /* CouchbaseLite.xcframework */; };
		409CE2FE2A3CE38A00620CAA /* CouchbaseLite.xcframework in Embed Frameworks */ = {isa = PBXBuildFile; fileRef = 409CE2FC2A3CE38900620CAA /* CouchbaseLite.xcframework */; settings = {ATTRIBUTES = (CodeSignOnCopy, RemoveHeadersOnCopy, ); }; };
		409CE3022A3CE59900620CAA /* Project.xcconfig in Resources */ = {isa = PBXBuildFile; fileRef = 409CE3012A3CE59900620CAA /* Project.xcconfig */; };
		409CE38F2A3CE89500620CAA /* zip_get_num_entries.c in Sources */ = {isa = PBXBuildFile; fileRef = 409CE3032A3CE88E00620CAA /* zip_get_num_entries.c */; };
		409CE3902A3CE89500620CAA /* zip_fclose.c in Sources */ = {isa = PBXBuildFile; fileRef = 409CE3042A3CE88E00620CAA /* zip_fclose.c */; };
		409CE3912A3CE89500620CAA /* zip_file_replace.c in Sources */ = {isa = PBXBuildFile; fileRef = 409CE3052A3CE88E00620CAA /* zip_file_replace.c */; };
		409CE3922A3CE89500620CAA /* zip_file_get_comment.c in Sources */ = {isa = PBXBuildFile; fileRef = 409CE3062A3CE88E00620CAA /* zip_file_get_comment.c */; };
		409CE3932A3CE89500620CAA /* zip_extra_field.c in Sources */ = {isa = PBXBuildFile; fileRef = 409CE3072A3CE88F00620CAA /* zip_extra_field.c */; };
		409CE3942A3CE89500620CAA /* zip_source_open.c in Sources */ = {isa = PBXBuildFile; fileRef = 409CE3082A3CE88F00620CAA /* zip_source_open.c */; };
		409CE3952A3CE89500620CAA /* zip_error_get_sys_type.c in Sources */ = {isa = PBXBuildFile; fileRef = 409CE3092A3CE88F00620CAA /* zip_error_get_sys_type.c */; };
		409CE3962A3CE89500620CAA /* zip_fopen_index_encrypted.c in Sources */ = {isa = PBXBuildFile; fileRef = 409CE30A2A3CE88F00620CAA /* zip_fopen_index_encrypted.c */; };
		409CE3972A3CE89500620CAA /* zip_fopen_index.c in Sources */ = {isa = PBXBuildFile; fileRef = 409CE30B2A3CE88F00620CAA /* zip_fopen_index.c */; };
		409CE3982A3CE89500620CAA /* zip_io_util.c in Sources */ = {isa = PBXBuildFile; fileRef = 409CE30C2A3CE88F00620CAA /* zip_io_util.c */; };
		409CE3992A3CE89500620CAA /* zip_source_commit_write.c in Sources */ = {isa = PBXBuildFile; fileRef = 409CE30D2A3CE88F00620CAA /* zip_source_commit_write.c */; };
		409CE39B2A3CE89500620CAA /* zip_source_free.c in Sources */ = {isa = PBXBuildFile; fileRef = 409CE30F2A3CE88F00620CAA /* zip_source_free.c */; };
		409CE39C2A3CE89500620CAA /* zip_fdopen.c in Sources */ = {isa = PBXBuildFile; fileRef = 409CE3102A3CE88F00620CAA /* zip_fdopen.c */; };
		409CE39F2A3CE89500620CAA /* zip_source_tell_write.c in Sources */ = {isa = PBXBuildFile; fileRef = 409CE3142A3CE88F00620CAA /* zip_source_tell_write.c */; };
		409CE3A02A3CE89500620CAA /* zip_source_call.c in Sources */ = {isa = PBXBuildFile; fileRef = 409CE3152A3CE88F00620CAA /* zip_source_call.c */; };
		409CE3A12A3CE89500620CAA /* zip_fseek.c in Sources */ = {isa = PBXBuildFile; fileRef = 409CE3162A3CE88F00620CAA /* zip_fseek.c */; };
		409CE3A22A3CE89500620CAA /* zip_mkstempm.c in Sources */ = {isa = PBXBuildFile; fileRef = 409CE3172A3CE88F00620CAA /* zip_mkstempm.c */; };
		409CE3A32A3CE89500620CAA /* zip_file_set_mtime.c in Sources */ = {isa = PBXBuildFile; fileRef = 409CE3182A3CE88F00620CAA /* zip_file_set_mtime.c */; };
		409CE3A42A3CE89500620CAA /* zip_dir_add.c in Sources */ = {isa = PBXBuildFile; fileRef = 409CE3192A3CE88F00620CAA /* zip_dir_add.c */; };
		409CE3A52A3CE89500620CAA /* zip_file_error_clear.c in Sources */ = {isa = PBXBuildFile; fileRef = 409CE31A2A3CE88F00620CAA /* zip_file_error_clear.c */; };
		409CE3A62A3CE89500620CAA /* zip_source_layered.c in Sources */ = {isa = PBXBuildFile; fileRef = 409CE31B2A3CE88F00620CAA /* zip_source_layered.c */; };
		409CE3A72A3CE89500620CAA /* zip_set_file_comment.c in Sources */ = {isa = PBXBuildFile; fileRef = 409CE31C2A3CE89000620CAA /* zip_set_file_comment.c */; };
		409CE3A82A3CE89500620CAA /* zip_algorithm_deflate.c in Sources */ = {isa = PBXBuildFile; fileRef = 409CE31D2A3CE89000620CAA /* zip_algorithm_deflate.c */; };
		409CE3AA2A3CE89500620CAA /* zip_get_archive_comment.c in Sources */ = {isa = PBXBuildFile; fileRef = 409CE31F2A3CE89000620CAA /* zip_get_archive_comment.c */; };
		409CE3AB2A3CE89500620CAA /* zip_set_name.c in Sources */ = {isa = PBXBuildFile; fileRef = 409CE3202A3CE89000620CAA /* zip_set_name.c */; };
		409CE3AC2A3CE89500620CAA /* zip_fread.c in Sources */ = {isa = PBXBuildFile; fileRef = 409CE3212A3CE89000620CAA /* zip_fread.c */; };
		409CE3AD2A3CE89500620CAA /* zip_source_tell.c in Sources */ = {isa = PBXBuildFile; fileRef = 409CE3222A3CE89000620CAA /* zip_source_tell.c */; };
		409CE3AE2A3CE89500620CAA /* zip_file_set_external_attributes.c in Sources */ = {isa = PBXBuildFile; fileRef = 409CE3232A3CE89000620CAA /* zip_file_set_external_attributes.c */; };
		409CE3AF2A3CE89500620CAA /* zip_fopen.c in Sources */ = {isa = PBXBuildFile; fileRef = 409CE3242A3CE89000620CAA /* zip_fopen.c */; };
		409CE3B02A3CE89500620CAA /* zip_source_winzip_aes_decode.c in Sources */ = {isa = PBXBuildFile; fileRef = 409CE3252A3CE89000620CAA /* zip_source_winzip_aes_decode.c */; };
		409CE3B12A3CE89500620CAA /* zip_source_file_stdio_named.c in Sources */ = {isa = PBXBuildFile; fileRef = 409CE3262A3CE89000620CAA /* zip_source_file_stdio_named.c */; };
		409CE3B22A3CE89500620CAA /* zip_source_rollback_write.c in Sources */ = {isa = PBXBuildFile; fileRef = 409CE3272A3CE89000620CAA /* zip_source_rollback_write.c */; };
		409CE3B32A3CE89500620CAA /* zip_error_get.c in Sources */ = {isa = PBXBuildFile; fileRef = 409CE3282A3CE89000620CAA /* zip_error_get.c */; };
		409CE3B42A3CE89500620CAA /* zip_get_name.c in Sources */ = {isa = PBXBuildFile; fileRef = 409CE3292A3CE89000620CAA /* zip_get_name.c */; };
		409CE3B52A3CE89500620CAA /* zip_source_write.c in Sources */ = {isa = PBXBuildFile; fileRef = 409CE32A2A3CE89000620CAA /* zip_source_write.c */; };
		409CE3B62A3CE89500620CAA /* zip_source_begin_write_cloning.c in Sources */ = {isa = PBXBuildFile; fileRef = 409CE32B2A3CE89000620CAA /* zip_source_begin_write_cloning.c */; };
		409CE3B72A3CE89500620CAA /* zip_source_seek_write.c in Sources */ = {isa = PBXBuildFile; fileRef = 409CE32C2A3CE89000620CAA /* zip_source_seek_write.c */; };
		409CE3B82A3CE89500620CAA /* zip_unchange_data.c in Sources */ = {isa = PBXBuildFile; fileRef = 409CE32D2A3CE89000620CAA /* zip_unchange_data.c */; };
		409CE3B92A3CE89500620CAA /* zip_buffer.c in Sources */ = {isa = PBXBuildFile; fileRef = 409CE32E2A3CE89000620CAA /* zip_buffer.c */; };
		409CE3BA2A3CE89500620CAA /* zip_source_seek.c in Sources */ = {isa = PBXBuildFile; fileRef = 409CE32F2A3CE89000620CAA /* zip_source_seek.c */; };
		409CE3BB2A3CE89500620CAA /* zip_set_default_password.c in Sources */ = {isa = PBXBuildFile; fileRef = 409CE3302A3CE89100620CAA /* zip_set_default_password.c */; };
		409CE3BC2A3CE89500620CAA /* zip_unchange_archive.c in Sources */ = {isa = PBXBuildFile; fileRef = 409CE3332A3CE89100620CAA /* zip_unchange_archive.c */; };
		409CE3BD2A3CE89500620CAA /* zip_get_archive_flag.c in Sources */ = {isa = PBXBuildFile; fileRef = 409CE3342A3CE89100620CAA /* zip_get_archive_flag.c */; };
		409CE3BE2A3CE89500620CAA /* zip_error_strerror.c in Sources */ = {isa = PBXBuildFile; fileRef = 409CE3352A3CE89100620CAA /* zip_error_strerror.c */; };
		409CE3BF2A3CE89500620CAA /* zip_file_get_external_attributes.c in Sources */ = {isa = PBXBuildFile; fileRef = 409CE3362A3CE89100620CAA /* zip_file_get_external_attributes.c */; };
		409CE3C02A3CE89500620CAA /* zip_file_strerror.c in Sources */ = {isa = PBXBuildFile; fileRef = 409CE3372A3CE89100620CAA /* zip_file_strerror.c */; };
		409CE3C12A3CE89500620CAA /* zip_file_set_encryption.c in Sources */ = {isa = PBXBuildFile; fileRef = 409CE3382A3CE89100620CAA /* zip_file_set_encryption.c */; };
		409CE3C22A3CE89500620CAA /* zip_source_error.c in Sources */ = {isa = PBXBuildFile; fileRef = 409CE3392A3CE89100620CAA /* zip_source_error.c */; };
		409CE3C42A3CE89500620CAA /* zip_string.c in Sources */ = {isa = PBXBuildFile; fileRef = 409CE33B2A3CE89100620CAA /* zip_string.c */; };
		409CE3C52A3CE89500620CAA /* zip_strerror.c in Sources */ = {isa = PBXBuildFile; fileRef = 409CE33C2A3CE89100620CAA /* zip_strerror.c */; };
		409CE3C62A3CE89500620CAA /* zip_dirent.c in Sources */ = {isa = PBXBuildFile; fileRef = 409CE33D2A3CE89100620CAA /* zip_dirent.c */; };
		409CE3C72A3CE89500620CAA /* zip_source_pkware_encode.c in Sources */ = {isa = PBXBuildFile; fileRef = 409CE33E2A3CE89100620CAA /* zip_source_pkware_encode.c */; };
		409CE3C82A3CE89500620CAA /* zip_source_read.c in Sources */ = {isa = PBXBuildFile; fileRef = 409CE33F2A3CE89100620CAA /* zip_source_read.c */; };
		409CE3C92A3CE89500620CAA /* zip_source_crc.c in Sources */ = {isa = PBXBuildFile; fileRef = 409CE3402A3CE89100620CAA /* zip_source_crc.c */; };
		409CE3CA2A3CE89500620CAA /* zip_entry.c in Sources */ = {isa = PBXBuildFile; fileRef = 409CE3412A3CE89100620CAA /* zip_entry.c */; };
		409CE3CB2A3CE89500620CAA /* zip_new.c in Sources */ = {isa = PBXBuildFile; fileRef = 409CE3422A3CE89100620CAA /* zip_new.c */; };
		409CE3CC2A3CE89500620CAA /* zip_source_file_common.c in Sources */ = {isa = PBXBuildFile; fileRef = 409CE3432A3CE89100620CAA /* zip_source_file_common.c */; };
		409CE3CD2A3CE89500620CAA /* zip_pkware.c in Sources */ = {isa = PBXBuildFile; fileRef = 409CE3442A3CE89100620CAA /* zip_pkware.c */; };
		409CE3CE2A3CE89500620CAA /* zip_stat.c in Sources */ = {isa = PBXBuildFile; fileRef = 409CE3452A3CE89200620CAA /* zip_stat.c */; };
		409CE3CF2A3CE89500620CAA /* zip_file_set_comment.c in Sources */ = {isa = PBXBuildFile; fileRef = 409CE3462A3CE89200620CAA /* zip_file_set_comment.c */; };
		409CE3D02A3CE89500620CAA /* zip_hash.c in Sources */ = {isa = PBXBuildFile; fileRef = 409CE3472A3CE89200620CAA /* zip_hash.c */; };
		409CE3D12A3CE89500620CAA /* zip_set_archive_comment.c in Sources */ = {isa = PBXBuildFile; fileRef = 409CE3482A3CE89200620CAA /* zip_set_archive_comment.c */; };
		409CE3D22A3CE89500620CAA /* zip_source_remove.c in Sources */ = {isa = PBXBuildFile; fileRef = 409CE3492A3CE89200620CAA /* zip_source_remove.c */; };
		409CE3D32A3CE89500620CAA /* zip_add_entry.c in Sources */ = {isa = PBXBuildFile; fileRef = 409CE34B2A3CE89200620CAA /* zip_add_entry.c */; };
		409CE3D42A3CE89500620CAA /* zip_delete.c in Sources */ = {isa = PBXBuildFile; fileRef = 409CE34C2A3CE89200620CAA /* zip_delete.c */; };
		409CE3D72A3CE89500620CAA /* zip_rename.c in Sources */ = {isa = PBXBuildFile; fileRef = 409CE34F2A3CE89200620CAA /* zip_rename.c */; };
		409CE3D82A3CE89500620CAA /* zip_file_add.c in Sources */ = {isa = PBXBuildFile; fileRef = 409CE3502A3CE89200620CAA /* zip_file_add.c */; };
		409CE3D92A3CE89500620CAA /* zip_error_to_str.c in Sources */ = {isa = PBXBuildFile; fileRef = 409CE3512A3CE89200620CAA /* zip_error_to_str.c */; };
		409CE3DA2A3CE89500620CAA /* zip_name_locate.c in Sources */ = {isa = PBXBuildFile; fileRef = 409CE3522A3CE89200620CAA /* zip_name_locate.c */; };
		409CE3DC2A3CE89500620CAA /* zip_discard.c in Sources */ = {isa = PBXBuildFile; fileRef = 409CE3542A3CE89200620CAA /* zip_discard.c */; };
		409CE3DD2A3CE89500620CAA /* zip_stat_init.c in Sources */ = {isa = PBXBuildFile; fileRef = 409CE3552A3CE89200620CAA /* zip_stat_init.c */; };
		409CE3DE2A3CE89500620CAA /* zip_fopen_encrypted.c in Sources */ = {isa = PBXBuildFile; fileRef = 409CE3562A3CE89200620CAA /* zip_fopen_encrypted.c */; };
		409CE3DF2A3CE89500620CAA /* zip_open.c in Sources */ = {isa = PBXBuildFile; fileRef = 409CE3572A3CE89200620CAA /* zip_open.c */; };
		409CE3E02A3CE89500620CAA /* zip_source_winzip_aes_encode.c in Sources */ = {isa = PBXBuildFile; fileRef = 409CE3582A3CE89300620CAA /* zip_source_winzip_aes_encode.c */; };
		409CE3E12A3CE89500620CAA /* zip_source_function.c in Sources */ = {isa = PBXBuildFile; fileRef = 409CE3592A3CE89300620CAA /* zip_source_function.c */; };
		409CE3E22A3CE89500620CAA /* zip_extra_field_api.c in Sources */ = {isa = PBXBuildFile; fileRef = 409CE35B2A3CE89300620CAA /* zip_extra_field_api.c */; };
		409CE3E42A3CE89500620CAA /* zip_get_encryption_implementation.c in Sources */ = {isa = PBXBuildFile; fileRef = 409CE35E2A3CE89300620CAA /* zip_get_encryption_implementation.c */; };
		409CE3E52A3CE89500620CAA /* zip_error_clear.c in Sources */ = {isa = PBXBuildFile; fileRef = 409CE35F2A3CE89300620CAA /* zip_error_clear.c */; };
		409CE3E62A3CE89500620CAA /* zip_get_file_comment.c in Sources */ = {isa = PBXBuildFile; fileRef = 409CE3602A3CE89300620CAA /* zip_get_file_comment.c */; };
		409CE3E72A3CE89500620CAA /* zip_random_unix.c in Sources */ = {isa = PBXBuildFile; fileRef = 409CE3612A3CE89300620CAA /* zip_random_unix.c */; };
		409CE3E82A3CE89500620CAA /* zip_file_rename.c in Sources */ = {isa = PBXBuildFile; fileRef = 409CE3622A3CE89300620CAA /* zip_file_rename.c */; };
		409CE3E92A3CE89500620CAA /* zip_source_zip_new.c in Sources */ = {isa = PBXBuildFile; fileRef = 409CE3642A3CE89300620CAA /* zip_source_zip_new.c */; };
		409CE3EA2A3CE89500620CAA /* zip_source_buffer.c in Sources */ = {isa = PBXBuildFile; fileRef = 409CE3652A3CE89300620CAA /* zip_source_buffer.c */; };
		409CE3EB2A3CE89500620CAA /* zip_progress.c in Sources */ = {isa = PBXBuildFile; fileRef = 409CE3662A3CE89300620CAA /* zip_progress.c */; };
		409CE3EC2A3CE89500620CAA /* zip_unchange_all.c in Sources */ = {isa = PBXBuildFile; fileRef = 409CE3672A3CE89300620CAA /* zip_unchange_all.c */; };
		409CE3ED2A3CE89500620CAA /* zip_add_dir.c in Sources */ = {isa = PBXBuildFile; fileRef = 409CE3682A3CE89300620CAA /* zip_add_dir.c */; };
		409CE3EE2A3CE89500620CAA /* zip_source_supports.c in Sources */ = {isa = PBXBuildFile; fileRef = 409CE3692A3CE89300620CAA /* zip_source_supports.c */; };
		409CE3EF2A3CE89500620CAA /* zip_set_archive_flag.c in Sources */ = {isa = PBXBuildFile; fileRef = 409CE36A2A3CE89300620CAA /* zip_set_archive_flag.c */; };
		409CE3F02A3CE89500620CAA /* zip_source_get_file_attributes.c in Sources */ = {isa = PBXBuildFile; fileRef = 409CE36C2A3CE89300620CAA /* zip_source_get_file_attributes.c */; };
		409CE3F12A3CE89500620CAA /* zip_add.c in Sources */ = {isa = PBXBuildFile; fileRef = 409CE36D2A3CE89400620CAA /* zip_add.c */; };
		409CE3F32A3CE89500620CAA /* zip_stat_index.c in Sources */ = {isa = PBXBuildFile; fileRef = 409CE36F2A3CE89400620CAA /* zip_stat_index.c */; };
		409CE3F42A3CE89500620CAA /* zip_set_file_compression.c in Sources */ = {isa = PBXBuildFile; fileRef = 409CE3702A3CE89400620CAA /* zip_set_file_compression.c */; };
		409CE3F52A3CE89500620CAA /* zip_source_begin_write.c in Sources */ = {isa = PBXBuildFile; fileRef = 409CE3712A3CE89400620CAA /* zip_source_begin_write.c */; };
		409CE3F62A3CE89500620CAA /* zip_replace.c in Sources */ = {isa = PBXBuildFile; fileRef = 409CE3722A3CE89400620CAA /* zip_replace.c */; };
		409CE3F72A3CE89500620CAA /* zip_get_num_files.c in Sources */ = {isa = PBXBuildFile; fileRef = 409CE3732A3CE89400620CAA /* zip_get_num_files.c */; };
		409CE3F82A3CE89500620CAA /* zip_source_pkware_decode.c in Sources */ = {isa = PBXBuildFile; fileRef = 409CE3742A3CE89400620CAA /* zip_source_pkware_decode.c */; };
		409CE3F92A3CE89500620CAA /* zip_libzip_version.c in Sources */ = {isa = PBXBuildFile; fileRef = 409CE3752A3CE89400620CAA /* zip_libzip_version.c */; };
		409CE3FA2A3CE89500620CAA /* zip_source_accept_empty.c in Sources */ = {isa = PBXBuildFile; fileRef = 409CE3762A3CE89400620CAA /* zip_source_accept_empty.c */; };
		409CE3FB2A3CE89500620CAA /* zip_crypto_commoncrypto.c in Sources */ = {isa = PBXBuildFile; fileRef = 409CE3772A3CE89400620CAA /* zip_crypto_commoncrypto.c */; };
		409CE3FC2A3CE89500620CAA /* zip_unchange.c in Sources */ = {isa = PBXBuildFile; fileRef = 409CE3782A3CE89400620CAA /* zip_unchange.c */; };
		409CE3FD2A3CE89500620CAA /* zip_file_get_offset.c in Sources */ = {isa = PBXBuildFile; fileRef = 409CE3792A3CE89400620CAA /* zip_file_get_offset.c */; };
		409CE3FE2A3CE89500620CAA /* zip_close.c in Sources */ = {isa = PBXBuildFile; fileRef = 409CE37A2A3CE89400620CAA /* zip_close.c */; };
		409CE3FF2A3CE89500620CAA /* zip_source_close.c in Sources */ = {isa = PBXBuildFile; fileRef = 409CE37C2A3CE89400620CAA /* zip_source_close.c */; };
		409CE4002A3CE89500620CAA /* zip_utf-8.c in Sources */ = {isa = PBXBuildFile; fileRef = 409CE37E2A3CE89400620CAA /* zip_utf-8.c */; };
		409CE4012A3CE89500620CAA /* zip_source_file_stdio.c in Sources */ = {isa = PBXBuildFile; fileRef = 409CE37F2A3CE89400620CAA /* zip_source_file_stdio.c */; };
		409CE4022A3CE89500620CAA /* zip_memdup.c in Sources */ = {isa = PBXBuildFile; fileRef = 409CE3812A3CE89400620CAA /* zip_memdup.c */; };
		409CE4032A3CE89500620CAA /* zip_error.c in Sources */ = {isa = PBXBuildFile; fileRef = 409CE3822A3CE89500620CAA /* zip_error.c */; };
		409CE4042A3CE89500620CAA /* zip_source_zip.c in Sources */ = {isa = PBXBuildFile; fileRef = 409CE3832A3CE89500620CAA /* zip_source_zip.c */; };
		409CE4052A3CE89500620CAA /* zip_file_error_get.c in Sources */ = {isa = PBXBuildFile; fileRef = 409CE3842A3CE89500620CAA /* zip_file_error_get.c */; };
		409CE4072A3CE89500620CAA /* zip_source_window.c in Sources */ = {isa = PBXBuildFile; fileRef = 409CE3862A3CE89500620CAA /* zip_source_window.c */; };
		409CE4092A3CE89500620CAA /* zip_source_stat.c in Sources */ = {isa = PBXBuildFile; fileRef = 409CE3892A3CE89500620CAA /* zip_source_stat.c */; };
		409CE40B2A3CE89500620CAA /* zip_winzip_aes.c in Sources */ = {isa = PBXBuildFile; fileRef = 409CE38B2A3CE89500620CAA /* zip_winzip_aes.c */; };
		409CE40C2A3CE89500620CAA /* zip_source_is_deleted.c in Sources */ = {isa = PBXBuildFile; fileRef = 409CE38C2A3CE89500620CAA /* zip_source_is_deleted.c */; };
		409CE40D2A3CE89500620CAA /* zip_source_compress.c in Sources */ = {isa = PBXBuildFile; fileRef = 409CE38D2A3CE89500620CAA /* zip_source_compress.c */; };
		409CE40E2A3CE89500620CAA /* zip_ftell.c in Sources */ = {isa = PBXBuildFile; fileRef = 409CE38E2A3CE89500620CAA /* zip_ftell.c */; };
		409CE4172A3CFE9100620CAA /* assets in Resources */ = {isa = PBXBuildFile; fileRef = 409CE4162A3CFE9100620CAA /* assets */; };
/* End PBXBuildFile section */

/* Begin PBXCopyFilesBuildPhase section */
		409CE2FF2A3CE38A00620CAA /* Embed Frameworks */ = {
			isa = PBXCopyFilesBuildPhase;
			buildActionMask = 2147483647;
			dstPath = "";
			dstSubfolderSpec = 10;
			files = (
				409CE2FE2A3CE38A00620CAA /* CouchbaseLite.xcframework in Embed Frameworks */,
			);
			name = "Embed Frameworks";
			runOnlyForDeploymentPostprocessing = 0;
		};
/* End PBXCopyFilesBuildPhase section */

/* Begin PBXFileReference section */
		409CE19F2A3BFA9300620CAA /* TestServer.app */ = {isa = PBXFileReference; explicitFileType = wrapper.application; includeInIndex = 0; path = TestServer.app; sourceTree = BUILT_PRODUCTS_DIR; };
		409CE1A22A3BFA9300620CAA /* TestServerApp.swift */ = {isa = PBXFileReference; lastKnownFileType = sourcecode.swift; path = TestServerApp.swift; sourceTree = "<group>"; };
		409CE1A42A3BFA9300620CAA /* ContentView.swift */ = {isa = PBXFileReference; lastKnownFileType = sourcecode.swift; path = ContentView.swift; sourceTree = "<group>"; };
		409CE1A62A3BFA9500620CAA /* Assets.xcassets */ = {isa = PBXFileReference; lastKnownFileType = folder.assetcatalog; path = Assets.xcassets; sourceTree = "<group>"; };
		409CE1A92A3BFA9500620CAA /* Preview Assets.xcassets */ = {isa = PBXFileReference; lastKnownFileType = folder.assetcatalog; path = "Preview Assets.xcassets"; sourceTree = "<group>"; };
		409CE1B02A3CD95F00620CAA /* TestServer-Bridging-Header.h */ = {isa = PBXFileReference; lastKnownFileType = sourcecode.c.h; path = "TestServer-Bridging-Header.h"; sourceTree = "<group>"; };
		409CE1B12A3CD96000620CAA /* CBLTestServer.h */ = {isa = PBXFileReference; lastKnownFileType = sourcecode.c.h; path = CBLTestServer.h; sourceTree = "<group>"; };
		409CE1B22A3CD96000620CAA /* CBLTestServer.mm */ = {isa = PBXFileReference; lastKnownFileType = sourcecode.cpp.objcpp; path = CBLTestServer.mm; sourceTree = "<group>"; };
		409CE1B82A3CD9BE00620CAA /* CBLManager.cpp */ = {isa = PBXFileReference; fileEncoding = 4; lastKnownFileType = sourcecode.cpp.cpp; path = CBLManager.cpp; sourceTree = "<group>"; };
		409CE1B92A3CD9BE00620CAA /* TestServer.h */ = {isa = PBXFileReference; fileEncoding = 4; lastKnownFileType = sourcecode.c.h; path = TestServer.h; sourceTree = "<group>"; };
		409CE1BA2A3CD9BE00620CAA /* Request.cpp */ = {isa = PBXFileReference; fileEncoding = 4; lastKnownFileType = sourcecode.cpp.cpp; path = Request.cpp; sourceTree = "<group>"; };
		409CE1BB2A3CD9BE00620CAA /* Dispatcher.h */ = {isa = PBXFileReference; fileEncoding = 4; lastKnownFileType = sourcecode.c.h; path = Dispatcher.h; sourceTree = "<group>"; };
		409CE1BC2A3CD9BE00620CAA /* TestServer.cpp */ = {isa = PBXFileReference; fileEncoding = 4; lastKnownFileType = sourcecode.cpp.cpp; path = TestServer.cpp; sourceTree = "<group>"; };
		409CE1BE2A3CD9BE00620CAA /* Device+Apple.mm */ = {isa = PBXFileReference; fileEncoding = 4; lastKnownFileType = sourcecode.cpp.objcpp; path = "Device+Apple.mm"; sourceTree = "<group>"; };
		409CE1BF2A3CD9BE00620CAA /* Device.h */ = {isa = PBXFileReference; fileEncoding = 4; lastKnownFileType = sourcecode.c.h; path = Device.h; sourceTree = "<group>"; };
		409CE1C02A3CD9BE00620CAA /* Fleece.h */ = {isa = PBXFileReference; fileEncoding = 4; lastKnownFileType = sourcecode.c.h; path = Fleece.h; sourceTree = "<group>"; };
		409CE1C12A3CD9BE00620CAA /* UUID.h */ = {isa = PBXFileReference; fileEncoding = 4; lastKnownFileType = sourcecode.c.h; path = UUID.h; sourceTree = "<group>"; };
		409CE1C22A3CD9BE00620CAA /* Exception.cpp */ = {isa = PBXFileReference; fileEncoding = 4; lastKnownFileType = sourcecode.cpp.cpp; path = Exception.cpp; sourceTree = "<group>"; };
		409CE1C32A3CD9BE00620CAA /* Define.h */ = {isa = PBXFileReference; fileEncoding = 4; lastKnownFileType = sourcecode.c.h; path = Define.h; sourceTree = "<group>"; };
		409CE1C42A3CD9BE00620CAA /* Device.cpp */ = {isa = PBXFileReference; fileEncoding = 4; lastKnownFileType = sourcecode.cpp.cpp; path = Device.cpp; sourceTree = "<group>"; };
		409CE1C52A3CD9BE00620CAA /* UUID.cpp */ = {isa = PBXFileReference; fileEncoding = 4; lastKnownFileType = sourcecode.cpp.cpp; path = UUID.cpp; sourceTree = "<group>"; };
		409CE1C62A3CD9BE00620CAA /* Files.cpp */ = {isa = PBXFileReference; fileEncoding = 4; lastKnownFileType = sourcecode.cpp.cpp; path = Files.cpp; sourceTree = "<group>"; };
		409CE1C72A3CD9BE00620CAA /* JSON.h */ = {isa = PBXFileReference; fileEncoding = 4; lastKnownFileType = sourcecode.c.h; path = JSON.h; sourceTree = "<group>"; };
		409CE1C82A3CD9BE00620CAA /* Zip.h */ = {isa = PBXFileReference; fileEncoding = 4; lastKnownFileType = sourcecode.c.h; path = Zip.h; sourceTree = "<group>"; };
		409CE1C92A3CD9BE00620CAA /* Defer.h */ = {isa = PBXFileReference; fileEncoding = 4; lastKnownFileType = sourcecode.c.h; path = Defer.h; sourceTree = "<group>"; };
		409CE1CA2A3CD9BE00620CAA /* Files.h */ = {isa = PBXFileReference; fileEncoding = 4; lastKnownFileType = sourcecode.c.h; path = Files.h; sourceTree = "<group>"; };
		409CE1CB2A3CD9BE00620CAA /* Exception.h */ = {isa = PBXFileReference; fileEncoding = 4; lastKnownFileType = sourcecode.c.h; path = Exception.h; sourceTree = "<group>"; };
		409CE1CC2A3CD9BE00620CAA /* Zip.cpp */ = {isa = PBXFileReference; fileEncoding = 4; lastKnownFileType = sourcecode.cpp.cpp; path = Zip.cpp; sourceTree = "<group>"; };
		409CE1CD2A3CD9BE00620CAA /* Files+Apple.mm */ = {isa = PBXFileReference; fileEncoding = 4; lastKnownFileType = sourcecode.cpp.objcpp; path = "Files+Apple.mm"; sourceTree = "<group>"; };
		409CE1CE2A3CD9BE00620CAA /* Fleece.cpp */ = {isa = PBXFileReference; fileEncoding = 4; lastKnownFileType = sourcecode.cpp.cpp; path = Fleece.cpp; sourceTree = "<group>"; };
		409CE1CF2A3CD9BE00620CAA /* Dispatcher.cpp */ = {isa = PBXFileReference; fileEncoding = 4; lastKnownFileType = sourcecode.cpp.cpp; path = Dispatcher.cpp; sourceTree = "<group>"; };
		409CE1D02A3CD9BE00620CAA /* CBLReplicationFilter.cpp */ = {isa = PBXFileReference; fileEncoding = 4; lastKnownFileType = sourcecode.cpp.cpp; path = CBLReplicationFilter.cpp; sourceTree = "<group>"; };
		409CE1D12A3CD9BE00620CAA /* CBLManager.h */ = {isa = PBXFileReference; fileEncoding = 4; lastKnownFileType = sourcecode.c.h; path = CBLManager.h; sourceTree = "<group>"; };
		409CE1D22A3CD9BE00620CAA /* Request.h */ = {isa = PBXFileReference; fileEncoding = 4; lastKnownFileType = sourcecode.c.h; path = Request.h; sourceTree = "<group>"; };
		409CE1D32A3CD9BE00620CAA /* CollectionSpec.h */ = {isa = PBXFileReference; fileEncoding = 4; lastKnownFileType = sourcecode.c.h; path = CollectionSpec.h; sourceTree = "<group>"; };
		409CE1D42A3CD9BE00620CAA /* Dispatcher+Handlers.cpp */ = {isa = PBXFileReference; fileEncoding = 4; lastKnownFileType = sourcecode.cpp.cpp; path = "Dispatcher+Handlers.cpp"; sourceTree = "<group>"; };
		409CE1D52A3CD9BE00620CAA /* CollectionSpec.cpp */ = {isa = PBXFileReference; fileEncoding = 4; lastKnownFileType = sourcecode.cpp.cpp; path = CollectionSpec.cpp; sourceTree = "<group>"; };
		409CE1D62A3CD9BE00620CAA /* main.cpp */ = {isa = PBXFileReference; fileEncoding = 4; lastKnownFileType = sourcecode.cpp.cpp; path = main.cpp; sourceTree = "<group>"; };
		409CE1D72A3CD9BE00620CAA /* CBLReplicationFilter.h */ = {isa = PBXFileReference; fileEncoding = 4; lastKnownFileType = sourcecode.c.h; path = CBLReplicationFilter.h; sourceTree = "<group>"; };
		409CE1EB2A3CDA9600620CAA /* civetweb.c */ = {isa = PBXFileReference; fileEncoding = 4; lastKnownFileType = sourcecode.c.c; name = civetweb.c; path = "vendor/cmake/_deps/civetweb-src/src/civetweb.c"; sourceTree = SOURCE_ROOT; };
		409CE2F92A3CDB8400620CAA /* zip_err_str.c */ = {isa = PBXFileReference; fileEncoding = 4; lastKnownFileType = sourcecode.c.c; name = zip_err_str.c; path = vendor/cmake/zip_err_str.c; sourceTree = SOURCE_ROOT; };
		409CE2FC2A3CE38900620CAA /* CouchbaseLite.xcframework */ = {isa = PBXFileReference; lastKnownFileType = wrapper.xcframework; name = CouchbaseLite.xcframework; path = Frameworks/CouchbaseLite.xcframework; sourceTree = "<group>"; };
		409CE3012A3CE59900620CAA /* Project.xcconfig */ = {isa = PBXFileReference; fileEncoding = 4; lastKnownFileType = text.xcconfig; path = Project.xcconfig; sourceTree = "<group>"; };
		409CE3032A3CE88E00620CAA /* zip_get_num_entries.c */ = {isa = PBXFileReference; fileEncoding = 4; lastKnownFileType = sourcecode.c.c; name = zip_get_num_entries.c; path = "vendor/cmake/_deps/libzip-src/lib/zip_get_num_entries.c"; sourceTree = SOURCE_ROOT; };
		409CE3042A3CE88E00620CAA /* zip_fclose.c */ = {isa = PBXFileReference; fileEncoding = 4; lastKnownFileType = sourcecode.c.c; name = zip_fclose.c; path = "vendor/cmake/_deps/libzip-src/lib/zip_fclose.c"; sourceTree = SOURCE_ROOT; };
		409CE3052A3CE88E00620CAA /* zip_file_replace.c */ = {isa = PBXFileReference; fileEncoding = 4; lastKnownFileType = sourcecode.c.c; name = zip_file_replace.c; path = "vendor/cmake/_deps/libzip-src/lib/zip_file_replace.c"; sourceTree = SOURCE_ROOT; };
		409CE3062A3CE88E00620CAA /* zip_file_get_comment.c */ = {isa = PBXFileReference; fileEncoding = 4; lastKnownFileType = sourcecode.c.c; name = zip_file_get_comment.c; path = "vendor/cmake/_deps/libzip-src/lib/zip_file_get_comment.c"; sourceTree = SOURCE_ROOT; };
		409CE3072A3CE88F00620CAA /* zip_extra_field.c */ = {isa = PBXFileReference; fileEncoding = 4; lastKnownFileType = sourcecode.c.c; name = zip_extra_field.c; path = "vendor/cmake/_deps/libzip-src/lib/zip_extra_field.c"; sourceTree = SOURCE_ROOT; };
		409CE3082A3CE88F00620CAA /* zip_source_open.c */ = {isa = PBXFileReference; fileEncoding = 4; lastKnownFileType = sourcecode.c.c; name = zip_source_open.c; path = "vendor/cmake/_deps/libzip-src/lib/zip_source_open.c"; sourceTree = SOURCE_ROOT; };
		409CE3092A3CE88F00620CAA /* zip_error_get_sys_type.c */ = {isa = PBXFileReference; fileEncoding = 4; lastKnownFileType = sourcecode.c.c; name = zip_error_get_sys_type.c; path = "vendor/cmake/_deps/libzip-src/lib/zip_error_get_sys_type.c"; sourceTree = SOURCE_ROOT; };
		409CE30A2A3CE88F00620CAA /* zip_fopen_index_encrypted.c */ = {isa = PBXFileReference; fileEncoding = 4; lastKnownFileType = sourcecode.c.c; name = zip_fopen_index_encrypted.c; path = "vendor/cmake/_deps/libzip-src/lib/zip_fopen_index_encrypted.c"; sourceTree = SOURCE_ROOT; };
		409CE30B2A3CE88F00620CAA /* zip_fopen_index.c */ = {isa = PBXFileReference; fileEncoding = 4; lastKnownFileType = sourcecode.c.c; name = zip_fopen_index.c; path = "vendor/cmake/_deps/libzip-src/lib/zip_fopen_index.c"; sourceTree = SOURCE_ROOT; };
		409CE30C2A3CE88F00620CAA /* zip_io_util.c */ = {isa = PBXFileReference; fileEncoding = 4; lastKnownFileType = sourcecode.c.c; name = zip_io_util.c; path = "vendor/cmake/_deps/libzip-src/lib/zip_io_util.c"; sourceTree = SOURCE_ROOT; };
		409CE30D2A3CE88F00620CAA /* zip_source_commit_write.c */ = {isa = PBXFileReference; fileEncoding = 4; lastKnownFileType = sourcecode.c.c; name = zip_source_commit_write.c; path = "vendor/cmake/_deps/libzip-src/lib/zip_source_commit_write.c"; sourceTree = SOURCE_ROOT; };
		409CE30E2A3CE88F00620CAA /* zip_source_file_win32_named.c */ = {isa = PBXFileReference; fileEncoding = 4; lastKnownFileType = sourcecode.c.c; name = zip_source_file_win32_named.c; path = "vendor/cmake/_deps/libzip-src/lib/zip_source_file_win32_named.c"; sourceTree = SOURCE_ROOT; };
		409CE30F2A3CE88F00620CAA /* zip_source_free.c */ = {isa = PBXFileReference; fileEncoding = 4; lastKnownFileType = sourcecode.c.c; name = zip_source_free.c; path = "vendor/cmake/_deps/libzip-src/lib/zip_source_free.c"; sourceTree = SOURCE_ROOT; };
		409CE3102A3CE88F00620CAA /* zip_fdopen.c */ = {isa = PBXFileReference; fileEncoding = 4; lastKnownFileType = sourcecode.c.c; name = zip_fdopen.c; path = "vendor/cmake/_deps/libzip-src/lib/zip_fdopen.c"; sourceTree = SOURCE_ROOT; };
		409CE3112A3CE88F00620CAA /* zip_source_file_stdio.h */ = {isa = PBXFileReference; fileEncoding = 4; lastKnownFileType = sourcecode.c.h; name = zip_source_file_stdio.h; path = "vendor/cmake/_deps/libzip-src/lib/zip_source_file_stdio.h"; sourceTree = SOURCE_ROOT; };
		409CE3122A3CE88F00620CAA /* zip_random_win32.c */ = {isa = PBXFileReference; fileEncoding = 4; lastKnownFileType = sourcecode.c.c; name = zip_random_win32.c; path = "vendor/cmake/_deps/libzip-src/lib/zip_random_win32.c"; sourceTree = SOURCE_ROOT; };
		409CE3132A3CE88F00620CAA /* zip_random_uwp.c */ = {isa = PBXFileReference; fileEncoding = 4; lastKnownFileType = sourcecode.c.c; name = zip_random_uwp.c; path = "vendor/cmake/_deps/libzip-src/lib/zip_random_uwp.c"; sourceTree = SOURCE_ROOT; };
		409CE3142A3CE88F00620CAA /* zip_source_tell_write.c */ = {isa = PBXFileReference; fileEncoding = 4; lastKnownFileType = sourcecode.c.c; name = zip_source_tell_write.c; path = "vendor/cmake/_deps/libzip-src/lib/zip_source_tell_write.c"; sourceTree = SOURCE_ROOT; };
		409CE3152A3CE88F00620CAA /* zip_source_call.c */ = {isa = PBXFileReference; fileEncoding = 4; lastKnownFileType = sourcecode.c.c; name = zip_source_call.c; path = "vendor/cmake/_deps/libzip-src/lib/zip_source_call.c"; sourceTree = SOURCE_ROOT; };
		409CE3162A3CE88F00620CAA /* zip_fseek.c */ = {isa = PBXFileReference; fileEncoding = 4; lastKnownFileType = sourcecode.c.c; name = zip_fseek.c; path = "vendor/cmake/_deps/libzip-src/lib/zip_fseek.c"; sourceTree = SOURCE_ROOT; };
		409CE3172A3CE88F00620CAA /* zip_mkstempm.c */ = {isa = PBXFileReference; fileEncoding = 4; lastKnownFileType = sourcecode.c.c; name = zip_mkstempm.c; path = "vendor/cmake/_deps/libzip-src/lib/zip_mkstempm.c"; sourceTree = SOURCE_ROOT; };
		409CE3182A3CE88F00620CAA /* zip_file_set_mtime.c */ = {isa = PBXFileReference; fileEncoding = 4; lastKnownFileType = sourcecode.c.c; name = zip_file_set_mtime.c; path = "vendor/cmake/_deps/libzip-src/lib/zip_file_set_mtime.c"; sourceTree = SOURCE_ROOT; };
		409CE3192A3CE88F00620CAA /* zip_dir_add.c */ = {isa = PBXFileReference; fileEncoding = 4; lastKnownFileType = sourcecode.c.c; name = zip_dir_add.c; path = "vendor/cmake/_deps/libzip-src/lib/zip_dir_add.c"; sourceTree = SOURCE_ROOT; };
		409CE31A2A3CE88F00620CAA /* zip_file_error_clear.c */ = {isa = PBXFileReference; fileEncoding = 4; lastKnownFileType = sourcecode.c.c; name = zip_file_error_clear.c; path = "vendor/cmake/_deps/libzip-src/lib/zip_file_error_clear.c"; sourceTree = SOURCE_ROOT; };
		409CE31B2A3CE88F00620CAA /* zip_source_layered.c */ = {isa = PBXFileReference; fileEncoding = 4; lastKnownFileType = sourcecode.c.c; name = zip_source_layered.c; path = "vendor/cmake/_deps/libzip-src/lib/zip_source_layered.c"; sourceTree = SOURCE_ROOT; };
		409CE31C2A3CE89000620CAA /* zip_set_file_comment.c */ = {isa = PBXFileReference; fileEncoding = 4; lastKnownFileType = sourcecode.c.c; name = zip_set_file_comment.c; path = "vendor/cmake/_deps/libzip-src/lib/zip_set_file_comment.c"; sourceTree = SOURCE_ROOT; };
		409CE31D2A3CE89000620CAA /* zip_algorithm_deflate.c */ = {isa = PBXFileReference; fileEncoding = 4; lastKnownFileType = sourcecode.c.c; name = zip_algorithm_deflate.c; path = "vendor/cmake/_deps/libzip-src/lib/zip_algorithm_deflate.c"; sourceTree = SOURCE_ROOT; };
		409CE31E2A3CE89000620CAA /* zip_source_file_win32_utf16.c */ = {isa = PBXFileReference; fileEncoding = 4; lastKnownFileType = sourcecode.c.c; name = zip_source_file_win32_utf16.c; path = "vendor/cmake/_deps/libzip-src/lib/zip_source_file_win32_utf16.c"; sourceTree = SOURCE_ROOT; };
		409CE31F2A3CE89000620CAA /* zip_get_archive_comment.c */ = {isa = PBXFileReference; fileEncoding = 4; lastKnownFileType = sourcecode.c.c; name = zip_get_archive_comment.c; path = "vendor/cmake/_deps/libzip-src/lib/zip_get_archive_comment.c"; sourceTree = SOURCE_ROOT; };
		409CE3202A3CE89000620CAA /* zip_set_name.c */ = {isa = PBXFileReference; fileEncoding = 4; lastKnownFileType = sourcecode.c.c; name = zip_set_name.c; path = "vendor/cmake/_deps/libzip-src/lib/zip_set_name.c"; sourceTree = SOURCE_ROOT; };
		409CE3212A3CE89000620CAA /* zip_fread.c */ = {isa = PBXFileReference; fileEncoding = 4; lastKnownFileType = sourcecode.c.c; name = zip_fread.c; path = "vendor/cmake/_deps/libzip-src/lib/zip_fread.c"; sourceTree = SOURCE_ROOT; };
		409CE3222A3CE89000620CAA /* zip_source_tell.c */ = {isa = PBXFileReference; fileEncoding = 4; lastKnownFileType = sourcecode.c.c; name = zip_source_tell.c; path = "vendor/cmake/_deps/libzip-src/lib/zip_source_tell.c"; sourceTree = SOURCE_ROOT; };
		409CE3232A3CE89000620CAA /* zip_file_set_external_attributes.c */ = {isa = PBXFileReference; fileEncoding = 4; lastKnownFileType = sourcecode.c.c; name = zip_file_set_external_attributes.c; path = "vendor/cmake/_deps/libzip-src/lib/zip_file_set_external_attributes.c"; sourceTree = SOURCE_ROOT; };
		409CE3242A3CE89000620CAA /* zip_fopen.c */ = {isa = PBXFileReference; fileEncoding = 4; lastKnownFileType = sourcecode.c.c; name = zip_fopen.c; path = "vendor/cmake/_deps/libzip-src/lib/zip_fopen.c"; sourceTree = SOURCE_ROOT; };
		409CE3252A3CE89000620CAA /* zip_source_winzip_aes_decode.c */ = {isa = PBXFileReference; fileEncoding = 4; lastKnownFileType = sourcecode.c.c; name = zip_source_winzip_aes_decode.c; path = "vendor/cmake/_deps/libzip-src/lib/zip_source_winzip_aes_decode.c"; sourceTree = SOURCE_ROOT; };
		409CE3262A3CE89000620CAA /* zip_source_file_stdio_named.c */ = {isa = PBXFileReference; fileEncoding = 4; lastKnownFileType = sourcecode.c.c; name = zip_source_file_stdio_named.c; path = "vendor/cmake/_deps/libzip-src/lib/zip_source_file_stdio_named.c"; sourceTree = SOURCE_ROOT; };
		409CE3272A3CE89000620CAA /* zip_source_rollback_write.c */ = {isa = PBXFileReference; fileEncoding = 4; lastKnownFileType = sourcecode.c.c; name = zip_source_rollback_write.c; path = "vendor/cmake/_deps/libzip-src/lib/zip_source_rollback_write.c"; sourceTree = SOURCE_ROOT; };
		409CE3282A3CE89000620CAA /* zip_error_get.c */ = {isa = PBXFileReference; fileEncoding = 4; lastKnownFileType = sourcecode.c.c; name = zip_error_get.c; path = "vendor/cmake/_deps/libzip-src/lib/zip_error_get.c"; sourceTree = SOURCE_ROOT; };
		409CE3292A3CE89000620CAA /* zip_get_name.c */ = {isa = PBXFileReference; fileEncoding = 4; lastKnownFileType = sourcecode.c.c; name = zip_get_name.c; path = "vendor/cmake/_deps/libzip-src/lib/zip_get_name.c"; sourceTree = SOURCE_ROOT; };
		409CE32A2A3CE89000620CAA /* zip_source_write.c */ = {isa = PBXFileReference; fileEncoding = 4; lastKnownFileType = sourcecode.c.c; name = zip_source_write.c; path = "vendor/cmake/_deps/libzip-src/lib/zip_source_write.c"; sourceTree = SOURCE_ROOT; };
		409CE32B2A3CE89000620CAA /* zip_source_begin_write_cloning.c */ = {isa = PBXFileReference; fileEncoding = 4; lastKnownFileType = sourcecode.c.c; name = zip_source_begin_write_cloning.c; path = "vendor/cmake/_deps/libzip-src/lib/zip_source_begin_write_cloning.c"; sourceTree = SOURCE_ROOT; };
		409CE32C2A3CE89000620CAA /* zip_source_seek_write.c */ = {isa = PBXFileReference; fileEncoding = 4; lastKnownFileType = sourcecode.c.c; name = zip_source_seek_write.c; path = "vendor/cmake/_deps/libzip-src/lib/zip_source_seek_write.c"; sourceTree = SOURCE_ROOT; };
		409CE32D2A3CE89000620CAA /* zip_unchange_data.c */ = {isa = PBXFileReference; fileEncoding = 4; lastKnownFileType = sourcecode.c.c; name = zip_unchange_data.c; path = "vendor/cmake/_deps/libzip-src/lib/zip_unchange_data.c"; sourceTree = SOURCE_ROOT; };
		409CE32E2A3CE89000620CAA /* zip_buffer.c */ = {isa = PBXFileReference; fileEncoding = 4; lastKnownFileType = sourcecode.c.c; name = zip_buffer.c; path = "vendor/cmake/_deps/libzip-src/lib/zip_buffer.c"; sourceTree = SOURCE_ROOT; };
		409CE32F2A3CE89000620CAA /* zip_source_seek.c */ = {isa = PBXFileReference; fileEncoding = 4; lastKnownFileType = sourcecode.c.c; name = zip_source_seek.c; path = "vendor/cmake/_deps/libzip-src/lib/zip_source_seek.c"; sourceTree = SOURCE_ROOT; };
		409CE3302A3CE89100620CAA /* zip_set_default_password.c */ = {isa = PBXFileReference; fileEncoding = 4; lastKnownFileType = sourcecode.c.c; name = zip_set_default_password.c; path = "vendor/cmake/_deps/libzip-src/lib/zip_set_default_password.c"; sourceTree = SOURCE_ROOT; };
		409CE3312A3CE89100620CAA /* zip_crypto_gnutls.h */ = {isa = PBXFileReference; fileEncoding = 4; lastKnownFileType = sourcecode.c.h; name = zip_crypto_gnutls.h; path = "vendor/cmake/_deps/libzip-src/lib/zip_crypto_gnutls.h"; sourceTree = SOURCE_ROOT; };
		409CE3322A3CE89100620CAA /* zipint.h */ = {isa = PBXFileReference; fileEncoding = 4; lastKnownFileType = sourcecode.c.h; name = zipint.h; path = "vendor/cmake/_deps/libzip-src/lib/zipint.h"; sourceTree = SOURCE_ROOT; };
		409CE3332A3CE89100620CAA /* zip_unchange_archive.c */ = {isa = PBXFileReference; fileEncoding = 4; lastKnownFileType = sourcecode.c.c; name = zip_unchange_archive.c; path = "vendor/cmake/_deps/libzip-src/lib/zip_unchange_archive.c"; sourceTree = SOURCE_ROOT; };
		409CE3342A3CE89100620CAA /* zip_get_archive_flag.c */ = {isa = PBXFileReference; fileEncoding = 4; lastKnownFileType = sourcecode.c.c; name = zip_get_archive_flag.c; path = "vendor/cmake/_deps/libzip-src/lib/zip_get_archive_flag.c"; sourceTree = SOURCE_ROOT; };
		409CE3352A3CE89100620CAA /* zip_error_strerror.c */ = {isa = PBXFileReference; fileEncoding = 4; lastKnownFileType = sourcecode.c.c; name = zip_error_strerror.c; path = "vendor/cmake/_deps/libzip-src/lib/zip_error_strerror.c"; sourceTree = SOURCE_ROOT; };
		409CE3362A3CE89100620CAA /* zip_file_get_external_attributes.c */ = {isa = PBXFileReference; fileEncoding = 4; lastKnownFileType = sourcecode.c.c; name = zip_file_get_external_attributes.c; path = "vendor/cmake/_deps/libzip-src/lib/zip_file_get_external_attributes.c"; sourceTree = SOURCE_ROOT; };
		409CE3372A3CE89100620CAA /* zip_file_strerror.c */ = {isa = PBXFileReference; fileEncoding = 4; lastKnownFileType = sourcecode.c.c; name = zip_file_strerror.c; path = "vendor/cmake/_deps/libzip-src/lib/zip_file_strerror.c"; sourceTree = SOURCE_ROOT; };
		409CE3382A3CE89100620CAA /* zip_file_set_encryption.c */ = {isa = PBXFileReference; fileEncoding = 4; lastKnownFileType = sourcecode.c.c; name = zip_file_set_encryption.c; path = "vendor/cmake/_deps/libzip-src/lib/zip_file_set_encryption.c"; sourceTree = SOURCE_ROOT; };
		409CE3392A3CE89100620CAA /* zip_source_error.c */ = {isa = PBXFileReference; fileEncoding = 4; lastKnownFileType = sourcecode.c.c; name = zip_source_error.c; path = "vendor/cmake/_deps/libzip-src/lib/zip_source_error.c"; sourceTree = SOURCE_ROOT; };
		409CE33A2A3CE89100620CAA /* zip_source_file_win32.c */ = {isa = PBXFileReference; fileEncoding = 4; lastKnownFileType = sourcecode.c.c; name = zip_source_file_win32.c; path = "vendor/cmake/_deps/libzip-src/lib/zip_source_file_win32.c"; sourceTree = SOURCE_ROOT; };
		409CE33B2A3CE89100620CAA /* zip_string.c */ = {isa = PBXFileReference; fileEncoding = 4; lastKnownFileType = sourcecode.c.c; name = zip_string.c; path = "vendor/cmake/_deps/libzip-src/lib/zip_string.c"; sourceTree = SOURCE_ROOT; };
		409CE33C2A3CE89100620CAA /* zip_strerror.c */ = {isa = PBXFileReference; fileEncoding = 4; lastKnownFileType = sourcecode.c.c; name = zip_strerror.c; path = "vendor/cmake/_deps/libzip-src/lib/zip_strerror.c"; sourceTree = SOURCE_ROOT; };
		409CE33D2A3CE89100620CAA /* zip_dirent.c */ = {isa = PBXFileReference; fileEncoding = 4; lastKnownFileType = sourcecode.c.c; name = zip_dirent.c; path = "vendor/cmake/_deps/libzip-src/lib/zip_dirent.c"; sourceTree = SOURCE_ROOT; };
		409CE33E2A3CE89100620CAA /* zip_source_pkware_encode.c */ = {isa = PBXFileReference; fileEncoding = 4; lastKnownFileType = sourcecode.c.c; name = zip_source_pkware_encode.c; path = "vendor/cmake/_deps/libzip-src/lib/zip_source_pkware_encode.c"; sourceTree = SOURCE_ROOT; };
		409CE33F2A3CE89100620CAA /* zip_source_read.c */ = {isa = PBXFileReference; fileEncoding = 4; lastKnownFileType = sourcecode.c.c; name = zip_source_read.c; path = "vendor/cmake/_deps/libzip-src/lib/zip_source_read.c"; sourceTree = SOURCE_ROOT; };
		409CE3402A3CE89100620CAA /* zip_source_crc.c */ = {isa = PBXFileReference; fileEncoding = 4; lastKnownFileType = sourcecode.c.c; name = zip_source_crc.c; path = "vendor/cmake/_deps/libzip-src/lib/zip_source_crc.c"; sourceTree = SOURCE_ROOT; };
		409CE3412A3CE89100620CAA /* zip_entry.c */ = {isa = PBXFileReference; fileEncoding = 4; lastKnownFileType = sourcecode.c.c; name = zip_entry.c; path = "vendor/cmake/_deps/libzip-src/lib/zip_entry.c"; sourceTree = SOURCE_ROOT; };
		409CE3422A3CE89100620CAA /* zip_new.c */ = {isa = PBXFileReference; fileEncoding = 4; lastKnownFileType = sourcecode.c.c; name = zip_new.c; path = "vendor/cmake/_deps/libzip-src/lib/zip_new.c"; sourceTree = SOURCE_ROOT; };
		409CE3432A3CE89100620CAA /* zip_source_file_common.c */ = {isa = PBXFileReference; fileEncoding = 4; lastKnownFileType = sourcecode.c.c; name = zip_source_file_common.c; path = "vendor/cmake/_deps/libzip-src/lib/zip_source_file_common.c"; sourceTree = SOURCE_ROOT; };
		409CE3442A3CE89100620CAA /* zip_pkware.c */ = {isa = PBXFileReference; fileEncoding = 4; lastKnownFileType = sourcecode.c.c; name = zip_pkware.c; path = "vendor/cmake/_deps/libzip-src/lib/zip_pkware.c"; sourceTree = SOURCE_ROOT; };
		409CE3452A3CE89200620CAA /* zip_stat.c */ = {isa = PBXFileReference; fileEncoding = 4; lastKnownFileType = sourcecode.c.c; name = zip_stat.c; path = "vendor/cmake/_deps/libzip-src/lib/zip_stat.c"; sourceTree = SOURCE_ROOT; };
		409CE3462A3CE89200620CAA /* zip_file_set_comment.c */ = {isa = PBXFileReference; fileEncoding = 4; lastKnownFileType = sourcecode.c.c; name = zip_file_set_comment.c; path = "vendor/cmake/_deps/libzip-src/lib/zip_file_set_comment.c"; sourceTree = SOURCE_ROOT; };
		409CE3472A3CE89200620CAA /* zip_hash.c */ = {isa = PBXFileReference; fileEncoding = 4; lastKnownFileType = sourcecode.c.c; name = zip_hash.c; path = "vendor/cmake/_deps/libzip-src/lib/zip_hash.c"; sourceTree = SOURCE_ROOT; };
		409CE3482A3CE89200620CAA /* zip_set_archive_comment.c */ = {isa = PBXFileReference; fileEncoding = 4; lastKnownFileType = sourcecode.c.c; name = zip_set_archive_comment.c; path = "vendor/cmake/_deps/libzip-src/lib/zip_set_archive_comment.c"; sourceTree = SOURCE_ROOT; };
		409CE3492A3CE89200620CAA /* zip_source_remove.c */ = {isa = PBXFileReference; fileEncoding = 4; lastKnownFileType = sourcecode.c.c; name = zip_source_remove.c; path = "vendor/cmake/_deps/libzip-src/lib/zip_source_remove.c"; sourceTree = SOURCE_ROOT; };
		409CE34A2A3CE89200620CAA /* zip_crypto.h */ = {isa = PBXFileReference; fileEncoding = 4; lastKnownFileType = sourcecode.c.h; name = zip_crypto.h; path = "vendor/cmake/_deps/libzip-src/lib/zip_crypto.h"; sourceTree = SOURCE_ROOT; };
		409CE34B2A3CE89200620CAA /* zip_add_entry.c */ = {isa = PBXFileReference; fileEncoding = 4; lastKnownFileType = sourcecode.c.c; name = zip_add_entry.c; path = "vendor/cmake/_deps/libzip-src/lib/zip_add_entry.c"; sourceTree = SOURCE_ROOT; };
		409CE34C2A3CE89200620CAA /* zip_delete.c */ = {isa = PBXFileReference; fileEncoding = 4; lastKnownFileType = sourcecode.c.c; name = zip_delete.c; path = "vendor/cmake/_deps/libzip-src/lib/zip_delete.c"; sourceTree = SOURCE_ROOT; };
		409CE34D2A3CE89200620CAA /* zip_crypto_win.c */ = {isa = PBXFileReference; fileEncoding = 4; lastKnownFileType = sourcecode.c.c; name = zip_crypto_win.c; path = "vendor/cmake/_deps/libzip-src/lib/zip_crypto_win.c"; sourceTree = SOURCE_ROOT; };
		409CE34E2A3CE89200620CAA /* zip_crypto_mbedtls.c */ = {isa = PBXFileReference; fileEncoding = 4; lastKnownFileType = sourcecode.c.c; name = zip_crypto_mbedtls.c; path = "vendor/cmake/_deps/libzip-src/lib/zip_crypto_mbedtls.c"; sourceTree = SOURCE_ROOT; };
		409CE34F2A3CE89200620CAA /* zip_rename.c */ = {isa = PBXFileReference; fileEncoding = 4; lastKnownFileType = sourcecode.c.c; name = zip_rename.c; path = "vendor/cmake/_deps/libzip-src/lib/zip_rename.c"; sourceTree = SOURCE_ROOT; };
		409CE3502A3CE89200620CAA /* zip_file_add.c */ = {isa = PBXFileReference; fileEncoding = 4; lastKnownFileType = sourcecode.c.c; name = zip_file_add.c; path = "vendor/cmake/_deps/libzip-src/lib/zip_file_add.c"; sourceTree = SOURCE_ROOT; };
		409CE3512A3CE89200620CAA /* zip_error_to_str.c */ = {isa = PBXFileReference; fileEncoding = 4; lastKnownFileType = sourcecode.c.c; name = zip_error_to_str.c; path = "vendor/cmake/_deps/libzip-src/lib/zip_error_to_str.c"; sourceTree = SOURCE_ROOT; };
		409CE3522A3CE89200620CAA /* zip_name_locate.c */ = {isa = PBXFileReference; fileEncoding = 4; lastKnownFileType = sourcecode.c.c; name = zip_name_locate.c; path = "vendor/cmake/_deps/libzip-src/lib/zip_name_locate.c"; sourceTree = SOURCE_ROOT; };
		409CE3532A3CE89200620CAA /* zip_algorithm_bzip2.c */ = {isa = PBXFileReference; fileEncoding = 4; lastKnownFileType = sourcecode.c.c; name = zip_algorithm_bzip2.c; path = "vendor/cmake/_deps/libzip-src/lib/zip_algorithm_bzip2.c"; sourceTree = SOURCE_ROOT; };
		409CE3542A3CE89200620CAA /* zip_discard.c */ = {isa = PBXFileReference; fileEncoding = 4; lastKnownFileType = sourcecode.c.c; name = zip_discard.c; path = "vendor/cmake/_deps/libzip-src/lib/zip_discard.c"; sourceTree = SOURCE_ROOT; };
		409CE3552A3CE89200620CAA /* zip_stat_init.c */ = {isa = PBXFileReference; fileEncoding = 4; lastKnownFileType = sourcecode.c.c; name = zip_stat_init.c; path = "vendor/cmake/_deps/libzip-src/lib/zip_stat_init.c"; sourceTree = SOURCE_ROOT; };
		409CE3562A3CE89200620CAA /* zip_fopen_encrypted.c */ = {isa = PBXFileReference; fileEncoding = 4; lastKnownFileType = sourcecode.c.c; name = zip_fopen_encrypted.c; path = "vendor/cmake/_deps/libzip-src/lib/zip_fopen_encrypted.c"; sourceTree = SOURCE_ROOT; };
		409CE3572A3CE89200620CAA /* zip_open.c */ = {isa = PBXFileReference; fileEncoding = 4; lastKnownFileType = sourcecode.c.c; name = zip_open.c; path = "vendor/cmake/_deps/libzip-src/lib/zip_open.c"; sourceTree = SOURCE_ROOT; };
		409CE3582A3CE89300620CAA /* zip_source_winzip_aes_encode.c */ = {isa = PBXFileReference; fileEncoding = 4; lastKnownFileType = sourcecode.c.c; name = zip_source_winzip_aes_encode.c; path = "vendor/cmake/_deps/libzip-src/lib/zip_source_winzip_aes_encode.c"; sourceTree = SOURCE_ROOT; };
		409CE3592A3CE89300620CAA /* zip_source_function.c */ = {isa = PBXFileReference; fileEncoding = 4; lastKnownFileType = sourcecode.c.c; name = zip_source_function.c; path = "vendor/cmake/_deps/libzip-src/lib/zip_source_function.c"; sourceTree = SOURCE_ROOT; };
		409CE35A2A3CE89300620CAA /* zip_crypto_win.h */ = {isa = PBXFileReference; fileEncoding = 4; lastKnownFileType = sourcecode.c.h; name = zip_crypto_win.h; path = "vendor/cmake/_deps/libzip-src/lib/zip_crypto_win.h"; sourceTree = SOURCE_ROOT; };
		409CE35B2A3CE89300620CAA /* zip_extra_field_api.c */ = {isa = PBXFileReference; fileEncoding = 4; lastKnownFileType = sourcecode.c.c; name = zip_extra_field_api.c; path = "vendor/cmake/_deps/libzip-src/lib/zip_extra_field_api.c"; sourceTree = SOURCE_ROOT; };
		409CE35C2A3CE89300620CAA /* zip_algorithm_xz.c */ = {isa = PBXFileReference; fileEncoding = 4; lastKnownFileType = sourcecode.c.c; name = zip_algorithm_xz.c; path = "vendor/cmake/_deps/libzip-src/lib/zip_algorithm_xz.c"; sourceTree = SOURCE_ROOT; };
		409CE35D2A3CE89300620CAA /* compat.h */ = {isa = PBXFileReference; fileEncoding = 4; lastKnownFileType = sourcecode.c.h; name = compat.h; path = "vendor/cmake/_deps/libzip-src/lib/compat.h"; sourceTree = SOURCE_ROOT; };
		409CE35E2A3CE89300620CAA /* zip_get_encryption_implementation.c */ = {isa = PBXFileReference; fileEncoding = 4; lastKnownFileType = sourcecode.c.c; name = zip_get_encryption_implementation.c; path = "vendor/cmake/_deps/libzip-src/lib/zip_get_encryption_implementation.c"; sourceTree = SOURCE_ROOT; };
		409CE35F2A3CE89300620CAA /* zip_error_clear.c */ = {isa = PBXFileReference; fileEncoding = 4; lastKnownFileType = sourcecode.c.c; name = zip_error_clear.c; path = "vendor/cmake/_deps/libzip-src/lib/zip_error_clear.c"; sourceTree = SOURCE_ROOT; };
		409CE3602A3CE89300620CAA /* zip_get_file_comment.c */ = {isa = PBXFileReference; fileEncoding = 4; lastKnownFileType = sourcecode.c.c; name = zip_get_file_comment.c; path = "vendor/cmake/_deps/libzip-src/lib/zip_get_file_comment.c"; sourceTree = SOURCE_ROOT; };
		409CE3612A3CE89300620CAA /* zip_random_unix.c */ = {isa = PBXFileReference; fileEncoding = 4; lastKnownFileType = sourcecode.c.c; name = zip_random_unix.c; path = "vendor/cmake/_deps/libzip-src/lib/zip_random_unix.c"; sourceTree = SOURCE_ROOT; };
		409CE3622A3CE89300620CAA /* zip_file_rename.c */ = {isa = PBXFileReference; fileEncoding = 4; lastKnownFileType = sourcecode.c.c; name = zip_file_rename.c; path = "vendor/cmake/_deps/libzip-src/lib/zip_file_rename.c"; sourceTree = SOURCE_ROOT; };
		409CE3632A3CE89300620CAA /* zip_source_file_win32.h */ = {isa = PBXFileReference; fileEncoding = 4; lastKnownFileType = sourcecode.c.h; name = zip_source_file_win32.h; path = "vendor/cmake/_deps/libzip-src/lib/zip_source_file_win32.h"; sourceTree = SOURCE_ROOT; };
		409CE3642A3CE89300620CAA /* zip_source_zip_new.c */ = {isa = PBXFileReference; fileEncoding = 4; lastKnownFileType = sourcecode.c.c; name = zip_source_zip_new.c; path = "vendor/cmake/_deps/libzip-src/lib/zip_source_zip_new.c"; sourceTree = SOURCE_ROOT; };
		409CE3652A3CE89300620CAA /* zip_source_buffer.c */ = {isa = PBXFileReference; fileEncoding = 4; lastKnownFileType = sourcecode.c.c; name = zip_source_buffer.c; path = "vendor/cmake/_deps/libzip-src/lib/zip_source_buffer.c"; sourceTree = SOURCE_ROOT; };
		409CE3662A3CE89300620CAA /* zip_progress.c */ = {isa = PBXFileReference; fileEncoding = 4; lastKnownFileType = sourcecode.c.c; name = zip_progress.c; path = "vendor/cmake/_deps/libzip-src/lib/zip_progress.c"; sourceTree = SOURCE_ROOT; };
		409CE3672A3CE89300620CAA /* zip_unchange_all.c */ = {isa = PBXFileReference; fileEncoding = 4; lastKnownFileType = sourcecode.c.c; name = zip_unchange_all.c; path = "vendor/cmake/_deps/libzip-src/lib/zip_unchange_all.c"; sourceTree = SOURCE_ROOT; };
		409CE3682A3CE89300620CAA /* zip_add_dir.c */ = {isa = PBXFileReference; fileEncoding = 4; lastKnownFileType = sourcecode.c.c; name = zip_add_dir.c; path = "vendor/cmake/_deps/libzip-src/lib/zip_add_dir.c"; sourceTree = SOURCE_ROOT; };
		409CE3692A3CE89300620CAA /* zip_source_supports.c */ = {isa = PBXFileReference; fileEncoding = 4; lastKnownFileType = sourcecode.c.c; name = zip_source_supports.c; path = "vendor/cmake/_deps/libzip-src/lib/zip_source_supports.c"; sourceTree = SOURCE_ROOT; };
		409CE36A2A3CE89300620CAA /* zip_set_archive_flag.c */ = {isa = PBXFileReference; fileEncoding = 4; lastKnownFileType = sourcecode.c.c; name = zip_set_archive_flag.c; path = "vendor/cmake/_deps/libzip-src/lib/zip_set_archive_flag.c"; sourceTree = SOURCE_ROOT; };
		409CE36B2A3CE89300620CAA /* zip.h */ = {isa = PBXFileReference; fileEncoding = 4; lastKnownFileType = sourcecode.c.h; name = zip.h; path = "vendor/cmake/_deps/libzip-src/lib/zip.h"; sourceTree = SOURCE_ROOT; };
		409CE36C2A3CE89300620CAA /* zip_source_get_file_attributes.c */ = {isa = PBXFileReference; fileEncoding = 4; lastKnownFileType = sourcecode.c.c; name = zip_source_get_file_attributes.c; path = "vendor/cmake/_deps/libzip-src/lib/zip_source_get_file_attributes.c"; sourceTree = SOURCE_ROOT; };
		409CE36D2A3CE89400620CAA /* zip_add.c */ = {isa = PBXFileReference; fileEncoding = 4; lastKnownFileType = sourcecode.c.c; name = zip_add.c; path = "vendor/cmake/_deps/libzip-src/lib/zip_add.c"; sourceTree = SOURCE_ROOT; };
		409CE36E2A3CE89400620CAA /* zip_source_file_win32_ansi.c */ = {isa = PBXFileReference; fileEncoding = 4; lastKnownFileType = sourcecode.c.c; name = zip_source_file_win32_ansi.c; path = "vendor/cmake/_deps/libzip-src/lib/zip_source_file_win32_ansi.c"; sourceTree = SOURCE_ROOT; };
		409CE36F2A3CE89400620CAA /* zip_stat_index.c */ = {isa = PBXFileReference; fileEncoding = 4; lastKnownFileType = sourcecode.c.c; name = zip_stat_index.c; path = "vendor/cmake/_deps/libzip-src/lib/zip_stat_index.c"; sourceTree = SOURCE_ROOT; };
		409CE3702A3CE89400620CAA /* zip_set_file_compression.c */ = {isa = PBXFileReference; fileEncoding = 4; lastKnownFileType = sourcecode.c.c; name = zip_set_file_compression.c; path = "vendor/cmake/_deps/libzip-src/lib/zip_set_file_compression.c"; sourceTree = SOURCE_ROOT; };
		409CE3712A3CE89400620CAA /* zip_source_begin_write.c */ = {isa = PBXFileReference; fileEncoding = 4; lastKnownFileType = sourcecode.c.c; name = zip_source_begin_write.c; path = "vendor/cmake/_deps/libzip-src/lib/zip_source_begin_write.c"; sourceTree = SOURCE_ROOT; };
		409CE3722A3CE89400620CAA /* zip_replace.c */ = {isa = PBXFileReference; fileEncoding = 4; lastKnownFileType = sourcecode.c.c; name = zip_replace.c; path = "vendor/cmake/_deps/libzip-src/lib/zip_replace.c"; sourceTree = SOURCE_ROOT; };
		409CE3732A3CE89400620CAA /* zip_get_num_files.c */ = {isa = PBXFileReference; fileEncoding = 4; lastKnownFileType = sourcecode.c.c; name = zip_get_num_files.c; path = "vendor/cmake/_deps/libzip-src/lib/zip_get_num_files.c"; sourceTree = SOURCE_ROOT; };
		409CE3742A3CE89400620CAA /* zip_source_pkware_decode.c */ = {isa = PBXFileReference; fileEncoding = 4; lastKnownFileType = sourcecode.c.c; name = zip_source_pkware_decode.c; path = "vendor/cmake/_deps/libzip-src/lib/zip_source_pkware_decode.c"; sourceTree = SOURCE_ROOT; };
		409CE3752A3CE89400620CAA /* zip_libzip_version.c */ = {isa = PBXFileReference; fileEncoding = 4; lastKnownFileType = sourcecode.c.c; name = zip_libzip_version.c; path = "vendor/cmake/_deps/libzip-src/lib/zip_libzip_version.c"; sourceTree = SOURCE_ROOT; };
		409CE3762A3CE89400620CAA /* zip_source_accept_empty.c */ = {isa = PBXFileReference; fileEncoding = 4; lastKnownFileType = sourcecode.c.c; name = zip_source_accept_empty.c; path = "vendor/cmake/_deps/libzip-src/lib/zip_source_accept_empty.c"; sourceTree = SOURCE_ROOT; };
		409CE3772A3CE89400620CAA /* zip_crypto_commoncrypto.c */ = {isa = PBXFileReference; fileEncoding = 4; lastKnownFileType = sourcecode.c.c; name = zip_crypto_commoncrypto.c; path = "vendor/cmake/_deps/libzip-src/lib/zip_crypto_commoncrypto.c"; sourceTree = SOURCE_ROOT; };
		409CE3782A3CE89400620CAA /* zip_unchange.c */ = {isa = PBXFileReference; fileEncoding = 4; lastKnownFileType = sourcecode.c.c; name = zip_unchange.c; path = "vendor/cmake/_deps/libzip-src/lib/zip_unchange.c"; sourceTree = SOURCE_ROOT; };
		409CE3792A3CE89400620CAA /* zip_file_get_offset.c */ = {isa = PBXFileReference; fileEncoding = 4; lastKnownFileType = sourcecode.c.c; name = zip_file_get_offset.c; path = "vendor/cmake/_deps/libzip-src/lib/zip_file_get_offset.c"; sourceTree = SOURCE_ROOT; };
		409CE37A2A3CE89400620CAA /* zip_close.c */ = {isa = PBXFileReference; fileEncoding = 4; lastKnownFileType = sourcecode.c.c; name = zip_close.c; path = "vendor/cmake/_deps/libzip-src/lib/zip_close.c"; sourceTree = SOURCE_ROOT; };
		409CE37B2A3CE89400620CAA /* zip_crypto_mbedtls.h */ = {isa = PBXFileReference; fileEncoding = 4; lastKnownFileType = sourcecode.c.h; name = zip_crypto_mbedtls.h; path = "vendor/cmake/_deps/libzip-src/lib/zip_crypto_mbedtls.h"; sourceTree = SOURCE_ROOT; };
		409CE37C2A3CE89400620CAA /* zip_source_close.c */ = {isa = PBXFileReference; fileEncoding = 4; lastKnownFileType = sourcecode.c.c; name = zip_source_close.c; path = "vendor/cmake/_deps/libzip-src/lib/zip_source_close.c"; sourceTree = SOURCE_ROOT; };
		409CE37D2A3CE89400620CAA /* zip_crypto_openssl.h */ = {isa = PBXFileReference; fileEncoding = 4; lastKnownFileType = sourcecode.c.h; name = zip_crypto_openssl.h; path = "vendor/cmake/_deps/libzip-src/lib/zip_crypto_openssl.h"; sourceTree = SOURCE_ROOT; };
		409CE37E2A3CE89400620CAA /* zip_utf-8.c */ = {isa = PBXFileReference; fileEncoding = 4; lastKnownFileType = sourcecode.c.c; name = "zip_utf-8.c"; path = "vendor/cmake/_deps/libzip-src/lib/zip_utf-8.c"; sourceTree = SOURCE_ROOT; };
		409CE37F2A3CE89400620CAA /* zip_source_file_stdio.c */ = {isa = PBXFileReference; fileEncoding = 4; lastKnownFileType = sourcecode.c.c; name = zip_source_file_stdio.c; path = "vendor/cmake/_deps/libzip-src/lib/zip_source_file_stdio.c"; sourceTree = SOURCE_ROOT; };
		409CE3802A3CE89400620CAA /* zip_crypto_commoncrypto.h */ = {isa = PBXFileReference; fileEncoding = 4; lastKnownFileType = sourcecode.c.h; name = zip_crypto_commoncrypto.h; path = "vendor/cmake/_deps/libzip-src/lib/zip_crypto_commoncrypto.h"; sourceTree = SOURCE_ROOT; };
		409CE3812A3CE89400620CAA /* zip_memdup.c */ = {isa = PBXFileReference; fileEncoding = 4; lastKnownFileType = sourcecode.c.c; name = zip_memdup.c; path = "vendor/cmake/_deps/libzip-src/lib/zip_memdup.c"; sourceTree = SOURCE_ROOT; };
		409CE3822A3CE89500620CAA /* zip_error.c */ = {isa = PBXFileReference; fileEncoding = 4; lastKnownFileType = sourcecode.c.c; name = zip_error.c; path = "vendor/cmake/_deps/libzip-src/lib/zip_error.c"; sourceTree = SOURCE_ROOT; };
		409CE3832A3CE89500620CAA /* zip_source_zip.c */ = {isa = PBXFileReference; fileEncoding = 4; lastKnownFileType = sourcecode.c.c; name = zip_source_zip.c; path = "vendor/cmake/_deps/libzip-src/lib/zip_source_zip.c"; sourceTree = SOURCE_ROOT; };
		409CE3842A3CE89500620CAA /* zip_file_error_get.c */ = {isa = PBXFileReference; fileEncoding = 4; lastKnownFileType = sourcecode.c.c; name = zip_file_error_get.c; path = "vendor/cmake/_deps/libzip-src/lib/zip_file_error_get.c"; sourceTree = SOURCE_ROOT; };
		409CE3852A3CE89500620CAA /* zip_crypto_gnutls.c */ = {isa = PBXFileReference; fileEncoding = 4; lastKnownFileType = sourcecode.c.c; name = zip_crypto_gnutls.c; path = "vendor/cmake/_deps/libzip-src/lib/zip_crypto_gnutls.c"; sourceTree = SOURCE_ROOT; };
		409CE3862A3CE89500620CAA /* zip_source_window.c */ = {isa = PBXFileReference; fileEncoding = 4; lastKnownFileType = sourcecode.c.c; name = zip_source_window.c; path = "vendor/cmake/_deps/libzip-src/lib/zip_source_window.c"; sourceTree = SOURCE_ROOT; };
		409CE3872A3CE89500620CAA /* zip_crypto_openssl.c */ = {isa = PBXFileReference; fileEncoding = 4; lastKnownFileType = sourcecode.c.c; name = zip_crypto_openssl.c; path = "vendor/cmake/_deps/libzip-src/lib/zip_crypto_openssl.c"; sourceTree = SOURCE_ROOT; };
		409CE3882A3CE89500620CAA /* zip_source_file.h */ = {isa = PBXFileReference; fileEncoding = 4; lastKnownFileType = sourcecode.c.h; name = zip_source_file.h; path = "vendor/cmake/_deps/libzip-src/lib/zip_source_file.h"; sourceTree = SOURCE_ROOT; };
		409CE3892A3CE89500620CAA /* zip_source_stat.c */ = {isa = PBXFileReference; fileEncoding = 4; lastKnownFileType = sourcecode.c.c; name = zip_source_stat.c; path = "vendor/cmake/_deps/libzip-src/lib/zip_source_stat.c"; sourceTree = SOURCE_ROOT; };
		409CE38A2A3CE89500620CAA /* zip_source_file_win32_utf8.c */ = {isa = PBXFileReference; fileEncoding = 4; lastKnownFileType = sourcecode.c.c; name = zip_source_file_win32_utf8.c; path = "vendor/cmake/_deps/libzip-src/lib/zip_source_file_win32_utf8.c"; sourceTree = SOURCE_ROOT; };
		409CE38B2A3CE89500620CAA /* zip_winzip_aes.c */ = {isa = PBXFileReference; fileEncoding = 4; lastKnownFileType = sourcecode.c.c; name = zip_winzip_aes.c; path = "vendor/cmake/_deps/libzip-src/lib/zip_winzip_aes.c"; sourceTree = SOURCE_ROOT; };
		409CE38C2A3CE89500620CAA /* zip_source_is_deleted.c */ = {isa = PBXFileReference; fileEncoding = 4; lastKnownFileType = sourcecode.c.c; name = zip_source_is_deleted.c; path = "vendor/cmake/_deps/libzip-src/lib/zip_source_is_deleted.c"; sourceTree = SOURCE_ROOT; };
		409CE38D2A3CE89500620CAA /* zip_source_compress.c */ = {isa = PBXFileReference; fileEncoding = 4; lastKnownFileType = sourcecode.c.c; name = zip_source_compress.c; path = "vendor/cmake/_deps/libzip-src/lib/zip_source_compress.c"; sourceTree = SOURCE_ROOT; };
		409CE38E2A3CE89500620CAA /* zip_ftell.c */ = {isa = PBXFileReference; fileEncoding = 4; lastKnownFileType = sourcecode.c.c; name = zip_ftell.c; path = "vendor/cmake/_deps/libzip-src/lib/zip_ftell.c"; sourceTree = SOURCE_ROOT; };
		409CE40F2A3CEC2400620CAA /* CBLHeader.h */ = {isa = PBXFileReference; lastKnownFileType = sourcecode.c.h; path = CBLHeader.h; sourceTree = "<group>"; };
		409CE4162A3CFE9100620CAA /* assets */ = {isa = PBXFileReference; lastKnownFileType = folder; name = assets; path = ../../assets; sourceTree = "<group>"; };
		409CE4182A3D062900620CAA /* Info.plist */ = {isa = PBXFileReference; lastKnownFileType = text.plist; path = Info.plist; sourceTree = "<group>"; };
/* End PBXFileReference section */

/* Begin PBXFrameworksBuildPhase section */
		409CE19C2A3BFA9300620CAA /* Frameworks */ = {
			isa = PBXFrameworksBuildPhase;
			buildActionMask = 2147483647;
			files = (
				409CE2FD2A3CE38A00620CAA /* CouchbaseLite.xcframework in Frameworks */,
			);
			runOnlyForDeploymentPostprocessing = 0;
		};
/* End PBXFrameworksBuildPhase section */

/* Begin PBXGroup section */
		409CE1962A3BFA9300620CAA = {
			isa = PBXGroup;
			children = (
				409CE1A12A3BFA9300620CAA /* TestServer */,
				409CE1A02A3BFA9300620CAA /* Products */,
				409CE2FB2A3CE38900620CAA /* Frameworks */,
			);
			sourceTree = "<group>";
		};
		409CE1A02A3BFA9300620CAA /* Products */ = {
			isa = PBXGroup;
			children = (
				409CE19F2A3BFA9300620CAA /* TestServer.app */,
			);
			name = Products;
			sourceTree = "<group>";
		};
		409CE1A12A3BFA9300620CAA /* TestServer */ = {
			isa = PBXGroup;
			children = (
				409CE4182A3D062900620CAA /* Info.plist */,
				409CE1B72A3CD9BE00620CAA /* shared */,
				409CE1B42A3CD96B00620CAA /* bridge */,
				409CE1E82A3CD9D300620CAA /* vendor */,
				409CE3002A3CE59900620CAA /* xcconfigs */,
				409CE4162A3CFE9100620CAA /* assets */,
				409CE1A82A3BFA9500620CAA /* Preview Content */,
				409CE1A62A3BFA9500620CAA /* Assets.xcassets */,
				409CE1A42A3BFA9300620CAA /* ContentView.swift */,
				409CE1A22A3BFA9300620CAA /* TestServerApp.swift */,
			);
			path = TestServer;
			sourceTree = "<group>";
		};
		409CE1A82A3BFA9500620CAA /* Preview Content */ = {
			isa = PBXGroup;
			children = (
				409CE1A92A3BFA9500620CAA /* Preview Assets.xcassets */,
			);
			path = "Preview Content";
			sourceTree = "<group>";
		};
		409CE1B42A3CD96B00620CAA /* bridge */ = {
			isa = PBXGroup;
			children = (
				409CE1B12A3CD96000620CAA /* CBLTestServer.h */,
				409CE1B22A3CD96000620CAA /* CBLTestServer.mm */,
				409CE1B02A3CD95F00620CAA /* TestServer-Bridging-Header.h */,
			);
			name = bridge;
			sourceTree = "<group>";
		};
		409CE1B72A3CD9BE00620CAA /* shared */ = {
			isa = PBXGroup;
			children = (
				409CE1BD2A3CD9BE00620CAA /* support */,
				409CE40F2A3CEC2400620CAA /* CBLHeader.h */,
				409CE1B82A3CD9BE00620CAA /* CBLManager.cpp */,
				409CE1D12A3CD9BE00620CAA /* CBLManager.h */,
				409CE1D02A3CD9BE00620CAA /* CBLReplicationFilter.cpp */,
				409CE1D72A3CD9BE00620CAA /* CBLReplicationFilter.h */,
				409CE1D52A3CD9BE00620CAA /* CollectionSpec.cpp */,
				409CE1D32A3CD9BE00620CAA /* CollectionSpec.h */,
				409CE1CF2A3CD9BE00620CAA /* Dispatcher.cpp */,
				409CE1BB2A3CD9BE00620CAA /* Dispatcher.h */,
				409CE1D42A3CD9BE00620CAA /* Dispatcher+Handlers.cpp */,
				409CE1D62A3CD9BE00620CAA /* main.cpp */,
				409CE1BA2A3CD9BE00620CAA /* Request.cpp */,
				409CE1D22A3CD9BE00620CAA /* Request.h */,
				409CE1BC2A3CD9BE00620CAA /* TestServer.cpp */,
				409CE1B92A3CD9BE00620CAA /* TestServer.h */,
			);
			path = shared;
			sourceTree = SOURCE_ROOT;
		};
		409CE1BD2A3CD9BE00620CAA /* support */ = {
			isa = PBXGroup;
			children = (
				409CE1C92A3CD9BE00620CAA /* Defer.h */,
				409CE1C32A3CD9BE00620CAA /* Define.h */,
				409CE1C42A3CD9BE00620CAA /* Device.cpp */,
				409CE1BF2A3CD9BE00620CAA /* Device.h */,
				409CE1BE2A3CD9BE00620CAA /* Device+Apple.mm */,
				409CE1C22A3CD9BE00620CAA /* Exception.cpp */,
				409CE1CB2A3CD9BE00620CAA /* Exception.h */,
				409CE1C62A3CD9BE00620CAA /* Files.cpp */,
				409CE1CA2A3CD9BE00620CAA /* Files.h */,
				409CE1CD2A3CD9BE00620CAA /* Files+Apple.mm */,
				409CE1CE2A3CD9BE00620CAA /* Fleece.cpp */,
				409CE1C02A3CD9BE00620CAA /* Fleece.h */,
				409CE1C72A3CD9BE00620CAA /* JSON.h */,
				409CE1C52A3CD9BE00620CAA /* UUID.cpp */,
				409CE1C12A3CD9BE00620CAA /* UUID.h */,
				409CE1CC2A3CD9BE00620CAA /* Zip.cpp */,
				409CE1C82A3CD9BE00620CAA /* Zip.h */,
			);
			path = support;
			sourceTree = "<group>";
		};
		409CE1E82A3CD9D300620CAA /* vendor */ = {
			isa = PBXGroup;
			children = (
				409CE1E92A3CD9E500620CAA /* civetweb */,
				409CE1EA2A3CDA0600620CAA /* libzip */,
			);
			name = vendor;
			sourceTree = "<group>";
		};
		409CE1E92A3CD9E500620CAA /* civetweb */ = {
			isa = PBXGroup;
			children = (
				409CE1EB2A3CDA9600620CAA /* civetweb.c */,
			);
			name = civetweb;
			sourceTree = "<group>";
		};
		409CE1EA2A3CDA0600620CAA /* libzip */ = {
			isa = PBXGroup;
			children = (
				409CE2F92A3CDB8400620CAA /* zip_err_str.c */,
				409CE35D2A3CE89300620CAA /* compat.h */,
				409CE3682A3CE89300620CAA /* zip_add_dir.c */,
				409CE34B2A3CE89200620CAA /* zip_add_entry.c */,
				409CE36D2A3CE89400620CAA /* zip_add.c */,
				409CE3532A3CE89200620CAA /* zip_algorithm_bzip2.c */,
				409CE31D2A3CE89000620CAA /* zip_algorithm_deflate.c */,
				409CE35C2A3CE89300620CAA /* zip_algorithm_xz.c */,
				409CE32E2A3CE89000620CAA /* zip_buffer.c */,
				409CE37A2A3CE89400620CAA /* zip_close.c */,
				409CE3772A3CE89400620CAA /* zip_crypto_commoncrypto.c */,
				409CE3802A3CE89400620CAA /* zip_crypto_commoncrypto.h */,
				409CE3852A3CE89500620CAA /* zip_crypto_gnutls.c */,
				409CE3312A3CE89100620CAA /* zip_crypto_gnutls.h */,
				409CE34E2A3CE89200620CAA /* zip_crypto_mbedtls.c */,
				409CE37B2A3CE89400620CAA /* zip_crypto_mbedtls.h */,
				409CE3872A3CE89500620CAA /* zip_crypto_openssl.c */,
				409CE37D2A3CE89400620CAA /* zip_crypto_openssl.h */,
				409CE34D2A3CE89200620CAA /* zip_crypto_win.c */,
				409CE35A2A3CE89300620CAA /* zip_crypto_win.h */,
				409CE34A2A3CE89200620CAA /* zip_crypto.h */,
				409CE34C2A3CE89200620CAA /* zip_delete.c */,
				409CE3192A3CE88F00620CAA /* zip_dir_add.c */,
				409CE33D2A3CE89100620CAA /* zip_dirent.c */,
				409CE3542A3CE89200620CAA /* zip_discard.c */,
				409CE3412A3CE89100620CAA /* zip_entry.c */,
				409CE35F2A3CE89300620CAA /* zip_error_clear.c */,
				409CE3092A3CE88F00620CAA /* zip_error_get_sys_type.c */,
				409CE3282A3CE89000620CAA /* zip_error_get.c */,
				409CE3352A3CE89100620CAA /* zip_error_strerror.c */,
				409CE3512A3CE89200620CAA /* zip_error_to_str.c */,
				409CE3822A3CE89500620CAA /* zip_error.c */,
				409CE35B2A3CE89300620CAA /* zip_extra_field_api.c */,
				409CE3072A3CE88F00620CAA /* zip_extra_field.c */,
				409CE3042A3CE88E00620CAA /* zip_fclose.c */,
				409CE3102A3CE88F00620CAA /* zip_fdopen.c */,
				409CE3502A3CE89200620CAA /* zip_file_add.c */,
				409CE31A2A3CE88F00620CAA /* zip_file_error_clear.c */,
				409CE3842A3CE89500620CAA /* zip_file_error_get.c */,
				409CE3062A3CE88E00620CAA /* zip_file_get_comment.c */,
				409CE3362A3CE89100620CAA /* zip_file_get_external_attributes.c */,
				409CE3792A3CE89400620CAA /* zip_file_get_offset.c */,
				409CE3622A3CE89300620CAA /* zip_file_rename.c */,
				409CE3052A3CE88E00620CAA /* zip_file_replace.c */,
				409CE3462A3CE89200620CAA /* zip_file_set_comment.c */,
				409CE3382A3CE89100620CAA /* zip_file_set_encryption.c */,
				409CE3232A3CE89000620CAA /* zip_file_set_external_attributes.c */,
				409CE3182A3CE88F00620CAA /* zip_file_set_mtime.c */,
				409CE3372A3CE89100620CAA /* zip_file_strerror.c */,
				409CE3562A3CE89200620CAA /* zip_fopen_encrypted.c */,
				409CE30A2A3CE88F00620CAA /* zip_fopen_index_encrypted.c */,
				409CE30B2A3CE88F00620CAA /* zip_fopen_index.c */,
				409CE3242A3CE89000620CAA /* zip_fopen.c */,
				409CE3212A3CE89000620CAA /* zip_fread.c */,
				409CE3162A3CE88F00620CAA /* zip_fseek.c */,
				409CE38E2A3CE89500620CAA /* zip_ftell.c */,
				409CE31F2A3CE89000620CAA /* zip_get_archive_comment.c */,
				409CE3342A3CE89100620CAA /* zip_get_archive_flag.c */,
				409CE35E2A3CE89300620CAA /* zip_get_encryption_implementation.c */,
				409CE3602A3CE89300620CAA /* zip_get_file_comment.c */,
				409CE3292A3CE89000620CAA /* zip_get_name.c */,
				409CE3032A3CE88E00620CAA /* zip_get_num_entries.c */,
				409CE3732A3CE89400620CAA /* zip_get_num_files.c */,
				409CE3472A3CE89200620CAA /* zip_hash.c */,
				409CE30C2A3CE88F00620CAA /* zip_io_util.c */,
				409CE3752A3CE89400620CAA /* zip_libzip_version.c */,
				409CE3812A3CE89400620CAA /* zip_memdup.c */,
				409CE3172A3CE88F00620CAA /* zip_mkstempm.c */,
				409CE3522A3CE89200620CAA /* zip_name_locate.c */,
				409CE3422A3CE89100620CAA /* zip_new.c */,
				409CE3572A3CE89200620CAA /* zip_open.c */,
				409CE3442A3CE89100620CAA /* zip_pkware.c */,
				409CE3662A3CE89300620CAA /* zip_progress.c */,
				409CE3612A3CE89300620CAA /* zip_random_unix.c */,
				409CE3132A3CE88F00620CAA /* zip_random_uwp.c */,
				409CE3122A3CE88F00620CAA /* zip_random_win32.c */,
				409CE34F2A3CE89200620CAA /* zip_rename.c */,
				409CE3722A3CE89400620CAA /* zip_replace.c */,
				409CE3482A3CE89200620CAA /* zip_set_archive_comment.c */,
				409CE36A2A3CE89300620CAA /* zip_set_archive_flag.c */,
				409CE3302A3CE89100620CAA /* zip_set_default_password.c */,
				409CE31C2A3CE89000620CAA /* zip_set_file_comment.c */,
				409CE3702A3CE89400620CAA /* zip_set_file_compression.c */,
				409CE3202A3CE89000620CAA /* zip_set_name.c */,
				409CE3762A3CE89400620CAA /* zip_source_accept_empty.c */,
				409CE32B2A3CE89000620CAA /* zip_source_begin_write_cloning.c */,
				409CE3712A3CE89400620CAA /* zip_source_begin_write.c */,
				409CE3652A3CE89300620CAA /* zip_source_buffer.c */,
				409CE3152A3CE88F00620CAA /* zip_source_call.c */,
				409CE37C2A3CE89400620CAA /* zip_source_close.c */,
				409CE30D2A3CE88F00620CAA /* zip_source_commit_write.c */,
				409CE38D2A3CE89500620CAA /* zip_source_compress.c */,
				409CE3402A3CE89100620CAA /* zip_source_crc.c */,
				409CE3392A3CE89100620CAA /* zip_source_error.c */,
				409CE3432A3CE89100620CAA /* zip_source_file_common.c */,
				409CE3262A3CE89000620CAA /* zip_source_file_stdio_named.c */,
				409CE37F2A3CE89400620CAA /* zip_source_file_stdio.c */,
				409CE3112A3CE88F00620CAA /* zip_source_file_stdio.h */,
				409CE36E2A3CE89400620CAA /* zip_source_file_win32_ansi.c */,
				409CE30E2A3CE88F00620CAA /* zip_source_file_win32_named.c */,
				409CE38A2A3CE89500620CAA /* zip_source_file_win32_utf8.c */,
				409CE31E2A3CE89000620CAA /* zip_source_file_win32_utf16.c */,
				409CE33A2A3CE89100620CAA /* zip_source_file_win32.c */,
				409CE3632A3CE89300620CAA /* zip_source_file_win32.h */,
				409CE3882A3CE89500620CAA /* zip_source_file.h */,
				409CE30F2A3CE88F00620CAA /* zip_source_free.c */,
				409CE3592A3CE89300620CAA /* zip_source_function.c */,
				409CE36C2A3CE89300620CAA /* zip_source_get_file_attributes.c */,
				409CE38C2A3CE89500620CAA /* zip_source_is_deleted.c */,
				409CE31B2A3CE88F00620CAA /* zip_source_layered.c */,
				409CE3082A3CE88F00620CAA /* zip_source_open.c */,
				409CE3742A3CE89400620CAA /* zip_source_pkware_decode.c */,
				409CE33E2A3CE89100620CAA /* zip_source_pkware_encode.c */,
				409CE33F2A3CE89100620CAA /* zip_source_read.c */,
				409CE3492A3CE89200620CAA /* zip_source_remove.c */,
				409CE3272A3CE89000620CAA /* zip_source_rollback_write.c */,
				409CE32C2A3CE89000620CAA /* zip_source_seek_write.c */,
				409CE32F2A3CE89000620CAA /* zip_source_seek.c */,
				409CE3892A3CE89500620CAA /* zip_source_stat.c */,
				409CE3692A3CE89300620CAA /* zip_source_supports.c */,
				409CE3142A3CE88F00620CAA /* zip_source_tell_write.c */,
				409CE3222A3CE89000620CAA /* zip_source_tell.c */,
				409CE3862A3CE89500620CAA /* zip_source_window.c */,
				409CE3252A3CE89000620CAA /* zip_source_winzip_aes_decode.c */,
				409CE3582A3CE89300620CAA /* zip_source_winzip_aes_encode.c */,
				409CE32A2A3CE89000620CAA /* zip_source_write.c */,
				409CE3642A3CE89300620CAA /* zip_source_zip_new.c */,
				409CE3832A3CE89500620CAA /* zip_source_zip.c */,
				409CE36F2A3CE89400620CAA /* zip_stat_index.c */,
				409CE3552A3CE89200620CAA /* zip_stat_init.c */,
				409CE3452A3CE89200620CAA /* zip_stat.c */,
				409CE33C2A3CE89100620CAA /* zip_strerror.c */,
				409CE33B2A3CE89100620CAA /* zip_string.c */,
				409CE3672A3CE89300620CAA /* zip_unchange_all.c */,
				409CE3332A3CE89100620CAA /* zip_unchange_archive.c */,
				409CE32D2A3CE89000620CAA /* zip_unchange_data.c */,
				409CE3782A3CE89400620CAA /* zip_unchange.c */,
				409CE37E2A3CE89400620CAA /* zip_utf-8.c */,
				409CE38B2A3CE89500620CAA /* zip_winzip_aes.c */,
				409CE36B2A3CE89300620CAA /* zip.h */,
				409CE3322A3CE89100620CAA /* zipint.h */,
			);
			name = libzip;
			sourceTree = "<group>";
		};
		409CE2FB2A3CE38900620CAA /* Frameworks */ = {
			isa = PBXGroup;
			children = (
				409CE2FC2A3CE38900620CAA /* CouchbaseLite.xcframework */,
			);
			name = Frameworks;
			sourceTree = "<group>";
		};
		409CE3002A3CE59900620CAA /* xcconfigs */ = {
			isa = PBXGroup;
			children = (
				409CE3012A3CE59900620CAA /* Project.xcconfig */,
			);
			path = xcconfigs;
			sourceTree = "<group>";
		};
/* End PBXGroup section */

/* Begin PBXNativeTarget section */
		409CE19E2A3BFA9300620CAA /* TestServer */ = {
			isa = PBXNativeTarget;
			buildConfigurationList = 409CE1AD2A3BFA9500620CAA /* Build configuration list for PBXNativeTarget "TestServer" */;
			buildPhases = (
				409CE19B2A3BFA9300620CAA /* Sources */,
				409CE19C2A3BFA9300620CAA /* Frameworks */,
				409CE19D2A3BFA9300620CAA /* Resources */,
				409CE2FF2A3CE38A00620CAA /* Embed Frameworks */,
			);
			buildRules = (
			);
			dependencies = (
			);
			name = TestServer;
			productName = TestServer;
			productReference = 409CE19F2A3BFA9300620CAA /* TestServer.app */;
			productType = "com.apple.product-type.application";
		};
/* End PBXNativeTarget section */

/* Begin PBXProject section */
		409CE1972A3BFA9300620CAA /* Project object */ = {
			isa = PBXProject;
			attributes = {
				BuildIndependentTargetsInParallel = 1;
				LastSwiftUpdateCheck = 1420;
				LastUpgradeCheck = 1420;
				TargetAttributes = {
					409CE19E2A3BFA9300620CAA = {
						CreatedOnToolsVersion = 14.2;
						LastSwiftMigration = 1420;
					};
				};
			};
			buildConfigurationList = 409CE19A2A3BFA9300620CAA /* Build configuration list for PBXProject "TestServer" */;
			compatibilityVersion = "Xcode 14.0";
			developmentRegion = en;
			hasScannedForEncodings = 0;
			knownRegions = (
				en,
				Base,
			);
			mainGroup = 409CE1962A3BFA9300620CAA;
			productRefGroup = 409CE1A02A3BFA9300620CAA /* Products */;
			projectDirPath = "";
			projectRoot = "";
			targets = (
				409CE19E2A3BFA9300620CAA /* TestServer */,
			);
		};
/* End PBXProject section */

/* Begin PBXResourcesBuildPhase section */
		409CE19D2A3BFA9300620CAA /* Resources */ = {
			isa = PBXResourcesBuildPhase;
			buildActionMask = 2147483647;
			files = (
				409CE1AA2A3BFA9500620CAA /* Preview Assets.xcassets in Resources */,
				409CE4172A3CFE9100620CAA /* assets in Resources */,
				409CE1A72A3BFA9500620CAA /* Assets.xcassets in Resources */,
				409CE3022A3CE59900620CAA /* Project.xcconfig in Resources */,
			);
			runOnlyForDeploymentPostprocessing = 0;
		};
/* End PBXResourcesBuildPhase section */

/* Begin PBXSourcesBuildPhase section */
		409CE19B2A3BFA9300620CAA /* Sources */ = {
			isa = PBXSourcesBuildPhase;
			buildActionMask = 2147483647;
			files = (
				409CE3C02A3CE89500620CAA /* zip_file_strerror.c in Sources */,
				409CE3D02A3CE89500620CAA /* zip_hash.c in Sources */,
				409CE40D2A3CE89500620CAA /* zip_source_compress.c in Sources */,
				409CE3C62A3CE89500620CAA /* zip_dirent.c in Sources */,
				409CE3972A3CE89500620CAA /* zip_fopen_index.c in Sources */,
				409CE3CF2A3CE89500620CAA /* zip_file_set_comment.c in Sources */,
				409CE3DE2A3CE89500620CAA /* zip_fopen_encrypted.c in Sources */,
				409CE3B12A3CE89500620CAA /* zip_source_file_stdio_named.c in Sources */,
				409CE3C22A3CE89500620CAA /* zip_source_error.c in Sources */,
				409CE3EB2A3CE89500620CAA /* zip_progress.c in Sources */,
				409CE3B92A3CE89500620CAA /* zip_buffer.c in Sources */,
				409CE1A52A3BFA9300620CAA /* ContentView.swift in Sources */,
				409CE3F52A3CE89500620CAA /* zip_source_begin_write.c in Sources */,
				409CE1D92A3CD9BE00620CAA /* Request.cpp in Sources */,
				409CE3BB2A3CE89500620CAA /* zip_set_default_password.c in Sources */,
				409CE3A82A3CE89500620CAA /* zip_algorithm_deflate.c in Sources */,
				409CE3AB2A3CE89500620CAA /* zip_set_name.c in Sources */,
				409CE3EF2A3CE89500620CAA /* zip_set_archive_flag.c in Sources */,
				409CE3D32A3CE89500620CAA /* zip_add_entry.c in Sources */,
				409CE1E02A3CD9BE00620CAA /* Zip.cpp in Sources */,
				409CE3FE2A3CE89500620CAA /* zip_close.c in Sources */,
				409CE3C52A3CE89500620CAA /* zip_strerror.c in Sources */,
				409CE3E02A3CE89500620CAA /* zip_source_winzip_aes_encode.c in Sources */,
				409CE3BA2A3CE89500620CAA /* zip_source_seek.c in Sources */,
				409CE3B52A3CE89500620CAA /* zip_source_write.c in Sources */,
				409CE3FC2A3CE89500620CAA /* zip_unchange.c in Sources */,
				409CE3B42A3CE89500620CAA /* zip_get_name.c in Sources */,
				409CE3912A3CE89500620CAA /* zip_file_replace.c in Sources */,
				409CE3CC2A3CE89500620CAA /* zip_source_file_common.c in Sources */,
				409CE3BF2A3CE89500620CAA /* zip_file_get_external_attributes.c in Sources */,
				409CE3F92A3CE89500620CAA /* zip_libzip_version.c in Sources */,
				409CE3FB2A3CE89500620CAA /* zip_crypto_commoncrypto.c in Sources */,
				409CE3A52A3CE89500620CAA /* zip_file_error_clear.c in Sources */,
				409CE4072A3CE89500620CAA /* zip_source_window.c in Sources */,
				409CE3FF2A3CE89500620CAA /* zip_source_close.c in Sources */,
				409CE3DF2A3CE89500620CAA /* zip_open.c in Sources */,
				409CE3D92A3CE89500620CAA /* zip_error_to_str.c in Sources */,
				409CE3962A3CE89500620CAA /* zip_fopen_index_encrypted.c in Sources */,
				409CE3AD2A3CE89500620CAA /* zip_source_tell.c in Sources */,
				409CE3D22A3CE89500620CAA /* zip_source_remove.c in Sources */,
				409CE4012A3CE89500620CAA /* zip_source_file_stdio.c in Sources */,
				409CE3B32A3CE89500620CAA /* zip_error_get.c in Sources */,
				409CE4042A3CE89500620CAA /* zip_source_zip.c in Sources */,
				409CE2FA2A3CDB8400620CAA /* zip_err_str.c in Sources */,
				409CE40B2A3CE89500620CAA /* zip_winzip_aes.c in Sources */,
				409CE1E62A3CD9BE00620CAA /* CollectionSpec.cpp in Sources */,
				409CE3C12A3CE89500620CAA /* zip_file_set_encryption.c in Sources */,
				409CE3FD2A3CE89500620CAA /* zip_file_get_offset.c in Sources */,
				409CE3992A3CE89500620CAA /* zip_source_commit_write.c in Sources */,
				409CE3F62A3CE89500620CAA /* zip_replace.c in Sources */,
				409CE3AE2A3CE89500620CAA /* zip_file_set_external_attributes.c in Sources */,
				409CE3E72A3CE89500620CAA /* zip_random_unix.c in Sources */,
				409CE1DB2A3CD9BE00620CAA /* Device+Apple.mm in Sources */,
				409CE1E52A3CD9BE00620CAA /* Dispatcher+Handlers.cpp in Sources */,
				409CE3CA2A3CE89500620CAA /* zip_entry.c in Sources */,
				409CE40E2A3CE89500620CAA /* zip_ftell.c in Sources */,
				409CE3B72A3CE89500620CAA /* zip_source_seek_write.c in Sources */,
				409CE3DC2A3CE89500620CAA /* zip_discard.c in Sources */,
				409CE39C2A3CE89500620CAA /* zip_fdopen.c in Sources */,
				409CE3D82A3CE89500620CAA /* zip_file_add.c in Sources */,
				409CE3EE2A3CE89500620CAA /* zip_source_supports.c in Sources */,
				409CE3A62A3CE89500620CAA /* zip_source_layered.c in Sources */,
				409CE3D12A3CE89500620CAA /* zip_set_archive_comment.c in Sources */,
				409CE3F02A3CE89500620CAA /* zip_source_get_file_attributes.c in Sources */,
				409CE3B02A3CE89500620CAA /* zip_source_winzip_aes_decode.c in Sources */,
				409CE1DE2A3CD9BE00620CAA /* UUID.cpp in Sources */,
				409CE3B82A3CE89500620CAA /* zip_unchange_data.c in Sources */,
				409CE3952A3CE89500620CAA /* zip_error_get_sys_type.c in Sources */,
				409CE3F72A3CE89500620CAA /* zip_get_num_files.c in Sources */,
				409CE1B32A3CD96000620CAA /* CBLTestServer.mm in Sources */,
				409CE3CE2A3CE89500620CAA /* zip_stat.c in Sources */,
				409CE3DA2A3CE89500620CAA /* zip_name_locate.c in Sources */,
				409CE3EA2A3CE89500620CAA /* zip_source_buffer.c in Sources */,
				409CE1A32A3BFA9300620CAA /* TestServerApp.swift in Sources */,
				409CE4022A3CE89500620CAA /* zip_memdup.c in Sources */,
				409CE3D42A3CE89500620CAA /* zip_delete.c in Sources */,
				409CE3BC2A3CE89500620CAA /* zip_unchange_archive.c in Sources */,
				409CE3E82A3CE89500620CAA /* zip_file_rename.c in Sources */,
				409CE1E22A3CD9BE00620CAA /* Fleece.cpp in Sources */,
				409CE3F82A3CE89500620CAA /* zip_source_pkware_decode.c in Sources */,
				409CE3902A3CE89500620CAA /* zip_fclose.c in Sources */,
				409CE3B62A3CE89500620CAA /* zip_source_begin_write_cloning.c in Sources */,
				409CE3C72A3CE89500620CAA /* zip_source_pkware_encode.c in Sources */,
				409CE3BE2A3CE89500620CAA /* zip_error_strerror.c in Sources */,
				409CE1E42A3CD9BE00620CAA /* CBLReplicationFilter.cpp in Sources */,
				409CE4002A3CE89500620CAA /* zip_utf-8.c in Sources */,
				409CE3C42A3CE89500620CAA /* zip_string.c in Sources */,
				409CE3E42A3CE89500620CAA /* zip_get_encryption_implementation.c in Sources */,
				409CE3E12A3CE89500620CAA /* zip_source_function.c in Sources */,
				409CE3D72A3CE89500620CAA /* zip_rename.c in Sources */,
				409CE3CB2A3CE89500620CAA /* zip_new.c in Sources */,
				409CE3CD2A3CE89500620CAA /* zip_pkware.c in Sources */,
				409CE38F2A3CE89500620CAA /* zip_get_num_entries.c in Sources */,
				409CE3BD2A3CE89500620CAA /* zip_get_archive_flag.c in Sources */,
				409CE3E62A3CE89500620CAA /* zip_get_file_comment.c in Sources */,
				409CE3B22A3CE89500620CAA /* zip_source_rollback_write.c in Sources */,
				409CE3AA2A3CE89500620CAA /* zip_get_archive_comment.c in Sources */,
				409CE3A42A3CE89500620CAA /* zip_dir_add.c in Sources */,
				409CE3EC2A3CE89500620CAA /* zip_unchange_all.c in Sources */,
				409CE1DC2A3CD9BE00620CAA /* Exception.cpp in Sources */,
				409CE1DA2A3CD9BE00620CAA /* TestServer.cpp in Sources */,
				409CE3AC2A3CE89500620CAA /* zip_fread.c in Sources */,
				409CE1EC2A3CDA9600620CAA /* civetweb.c in Sources */,
				409CE3922A3CE89500620CAA /* zip_file_get_comment.c in Sources */,
				409CE1E32A3CD9BE00620CAA /* Dispatcher.cpp in Sources */,
				409CE3A02A3CE89500620CAA /* zip_source_call.c in Sources */,
				409CE3E92A3CE89500620CAA /* zip_source_zip_new.c in Sources */,
				409CE3A72A3CE89500620CAA /* zip_set_file_comment.c in Sources */,
				409CE1E12A3CD9BE00620CAA /* Files+Apple.mm in Sources */,
				409CE1D82A3CD9BE00620CAA /* CBLManager.cpp in Sources */,
				409CE4052A3CE89500620CAA /* zip_file_error_get.c in Sources */,
				409CE3C92A3CE89500620CAA /* zip_source_crc.c in Sources */,
				409CE3ED2A3CE89500620CAA /* zip_add_dir.c in Sources */,
				409CE3A22A3CE89500620CAA /* zip_mkstempm.c in Sources */,
				409CE3F42A3CE89500620CAA /* zip_set_file_compression.c in Sources */,
				409CE4032A3CE89500620CAA /* zip_error.c in Sources */,
				409CE3A32A3CE89500620CAA /* zip_file_set_mtime.c in Sources */,
				409CE3FA2A3CE89500620CAA /* zip_source_accept_empty.c in Sources */,
				409CE3E22A3CE89500620CAA /* zip_extra_field_api.c in Sources */,
				409CE3F12A3CE89500620CAA /* zip_add.c in Sources */,
				409CE3AF2A3CE89500620CAA /* zip_fopen.c in Sources */,
				409CE4092A3CE89500620CAA /* zip_source_stat.c in Sources */,
				409CE3982A3CE89500620CAA /* zip_io_util.c in Sources */,
				409CE3A12A3CE89500620CAA /* zip_fseek.c in Sources */,
				409CE3DD2A3CE89500620CAA /* zip_stat_init.c in Sources */,
				409CE3942A3CE89500620CAA /* zip_source_open.c in Sources */,
				409CE3F32A3CE89500620CAA /* zip_stat_index.c in Sources */,
				409CE3C82A3CE89500620CAA /* zip_source_read.c in Sources */,
				409CE39B2A3CE89500620CAA /* zip_source_free.c in Sources */,
				409CE40C2A3CE89500620CAA /* zip_source_is_deleted.c in Sources */,
				409CE3E52A3CE89500620CAA /* zip_error_clear.c in Sources */,
				409CE3932A3CE89500620CAA /* zip_extra_field.c in Sources */,
				409CE39F2A3CE89500620CAA /* zip_source_tell_write.c in Sources */,
			);
			runOnlyForDeploymentPostprocessing = 0;
		};
/* End PBXSourcesBuildPhase section */

/* Begin XCBuildConfiguration section */
		409CE1AB2A3BFA9500620CAA /* Debug */ = {
			isa = XCBuildConfiguration;
			baseConfigurationReference = 409CE3012A3CE59900620CAA /* Project.xcconfig */;
			buildSettings = {
				ALWAYS_SEARCH_USER_PATHS = NO;
				CLANG_ANALYZER_NONNULL = YES;
				CLANG_ANALYZER_NUMBER_OBJECT_CONVERSION = YES_AGGRESSIVE;
				CLANG_CXX_LANGUAGE_STANDARD = "gnu++20";
				CLANG_ENABLE_MODULES = YES;
				CLANG_ENABLE_OBJC_ARC = YES;
				CLANG_ENABLE_OBJC_WEAK = YES;
				CLANG_WARN_BLOCK_CAPTURE_AUTORELEASING = YES;
				CLANG_WARN_BOOL_CONVERSION = YES;
				CLANG_WARN_COMMA = YES;
				CLANG_WARN_CONSTANT_CONVERSION = YES;
				CLANG_WARN_DEPRECATED_OBJC_IMPLEMENTATIONS = YES;
				CLANG_WARN_DIRECT_OBJC_ISA_USAGE = YES_ERROR;
				CLANG_WARN_DOCUMENTATION_COMMENTS = YES;
				CLANG_WARN_EMPTY_BODY = YES;
				CLANG_WARN_ENUM_CONVERSION = YES;
				CLANG_WARN_INFINITE_RECURSION = YES;
				CLANG_WARN_INT_CONVERSION = YES;
				CLANG_WARN_NON_LITERAL_NULL_CONVERSION = YES;
				CLANG_WARN_OBJC_IMPLICIT_RETAIN_SELF = YES;
				CLANG_WARN_OBJC_LITERAL_CONVERSION = YES;
				CLANG_WARN_OBJC_ROOT_CLASS = YES_ERROR;
				CLANG_WARN_QUOTED_INCLUDE_IN_FRAMEWORK_HEADER = YES;
				CLANG_WARN_RANGE_LOOP_ANALYSIS = YES;
				CLANG_WARN_STRICT_PROTOTYPES = YES;
				CLANG_WARN_SUSPICIOUS_MOVE = YES;
				CLANG_WARN_UNGUARDED_AVAILABILITY = YES_AGGRESSIVE;
				CLANG_WARN_UNREACHABLE_CODE = YES;
				CLANG_WARN__DUPLICATE_METHOD_MATCH = YES;
				COPY_PHASE_STRIP = NO;
				DEBUG_INFORMATION_FORMAT = dwarf;
				ENABLE_STRICT_OBJC_MSGSEND = YES;
				ENABLE_TESTABILITY = YES;
				GCC_C_LANGUAGE_STANDARD = gnu11;
				GCC_DYNAMIC_NO_PIC = NO;
				GCC_NO_COMMON_BLOCKS = YES;
				GCC_OPTIMIZATION_LEVEL = 0;
				GCC_PREPROCESSOR_DEFINITIONS = (
					"DEBUG=1",
					"$(inherited)",
				);
				GCC_WARN_64_TO_32_BIT_CONVERSION = YES;
				GCC_WARN_ABOUT_RETURN_TYPE = YES_ERROR;
				GCC_WARN_UNDECLARED_SELECTOR = YES;
				GCC_WARN_UNINITIALIZED_AUTOS = YES_AGGRESSIVE;
				GCC_WARN_UNUSED_FUNCTION = YES;
				GCC_WARN_UNUSED_VARIABLE = YES;
				MTL_ENABLE_DEBUG_INFO = INCLUDE_SOURCE;
				MTL_FAST_MATH = YES;
				ONLY_ACTIVE_ARCH = YES;
				SDKROOT = iphoneos;
				SWIFT_ACTIVE_COMPILATION_CONDITIONS = DEBUG;
				SWIFT_OPTIMIZATION_LEVEL = "-Onone";
			};
			name = Debug;
		};
		409CE1AC2A3BFA9500620CAA /* Release */ = {
			isa = XCBuildConfiguration;
			baseConfigurationReference = 409CE3012A3CE59900620CAA /* Project.xcconfig */;
			buildSettings = {
				ALWAYS_SEARCH_USER_PATHS = NO;
				CLANG_ANALYZER_NONNULL = YES;
				CLANG_ANALYZER_NUMBER_OBJECT_CONVERSION = YES_AGGRESSIVE;
				CLANG_CXX_LANGUAGE_STANDARD = "gnu++20";
				CLANG_ENABLE_MODULES = YES;
				CLANG_ENABLE_OBJC_ARC = YES;
				CLANG_ENABLE_OBJC_WEAK = YES;
				CLANG_WARN_BLOCK_CAPTURE_AUTORELEASING = YES;
				CLANG_WARN_BOOL_CONVERSION = YES;
				CLANG_WARN_COMMA = YES;
				CLANG_WARN_CONSTANT_CONVERSION = YES;
				CLANG_WARN_DEPRECATED_OBJC_IMPLEMENTATIONS = YES;
				CLANG_WARN_DIRECT_OBJC_ISA_USAGE = YES_ERROR;
				CLANG_WARN_DOCUMENTATION_COMMENTS = YES;
				CLANG_WARN_EMPTY_BODY = YES;
				CLANG_WARN_ENUM_CONVERSION = YES;
				CLANG_WARN_INFINITE_RECURSION = YES;
				CLANG_WARN_INT_CONVERSION = YES;
				CLANG_WARN_NON_LITERAL_NULL_CONVERSION = YES;
				CLANG_WARN_OBJC_IMPLICIT_RETAIN_SELF = YES;
				CLANG_WARN_OBJC_LITERAL_CONVERSION = YES;
				CLANG_WARN_OBJC_ROOT_CLASS = YES_ERROR;
				CLANG_WARN_QUOTED_INCLUDE_IN_FRAMEWORK_HEADER = YES;
				CLANG_WARN_RANGE_LOOP_ANALYSIS = YES;
				CLANG_WARN_STRICT_PROTOTYPES = YES;
				CLANG_WARN_SUSPICIOUS_MOVE = YES;
				CLANG_WARN_UNGUARDED_AVAILABILITY = YES_AGGRESSIVE;
				CLANG_WARN_UNREACHABLE_CODE = YES;
				CLANG_WARN__DUPLICATE_METHOD_MATCH = YES;
				COPY_PHASE_STRIP = NO;
				DEBUG_INFORMATION_FORMAT = "dwarf-with-dsym";
				ENABLE_NS_ASSERTIONS = NO;
				ENABLE_STRICT_OBJC_MSGSEND = YES;
				GCC_C_LANGUAGE_STANDARD = gnu11;
				GCC_NO_COMMON_BLOCKS = YES;
				GCC_WARN_64_TO_32_BIT_CONVERSION = YES;
				GCC_WARN_ABOUT_RETURN_TYPE = YES_ERROR;
				GCC_WARN_UNDECLARED_SELECTOR = YES;
				GCC_WARN_UNINITIALIZED_AUTOS = YES_AGGRESSIVE;
				GCC_WARN_UNUSED_FUNCTION = YES;
				GCC_WARN_UNUSED_VARIABLE = YES;
				MTL_ENABLE_DEBUG_INFO = NO;
				MTL_FAST_MATH = YES;
				SDKROOT = iphoneos;
				SWIFT_COMPILATION_MODE = wholemodule;
				SWIFT_OPTIMIZATION_LEVEL = "-O";
				VALIDATE_PRODUCT = YES;
			};
			name = Release;
		};
		409CE1AE2A3BFA9500620CAA /* Debug */ = {
			isa = XCBuildConfiguration;
			buildSettings = {
				ASSETCATALOG_COMPILER_APPICON_NAME = AppIcon;
				ASSETCATALOG_COMPILER_GLOBAL_ACCENT_COLOR_NAME = AccentColor;
				CLANG_ENABLE_MODULES = YES;
				CODE_SIGN_STYLE = Automatic;
				CURRENT_PROJECT_VERSION = 1;
				DEVELOPMENT_ASSET_PATHS = "\"TestServer/Preview Content\"";
				ENABLE_PREVIEWS = YES;
				GENERATE_INFOPLIST_FILE = YES;
				INFOPLIST_FILE = TestServer/Info.plist;
				INFOPLIST_KEY_UIApplicationSupportsIndirectInputEvents = YES;
				INFOPLIST_KEY_UILaunchScreen_Generation = YES;
				INFOPLIST_KEY_UISupportedInterfaceOrientations_iPad = "UIInterfaceOrientationPortrait UIInterfaceOrientationPortraitUpsideDown UIInterfaceOrientationLandscapeLeft UIInterfaceOrientationLandscapeRight";
				INFOPLIST_KEY_UISupportedInterfaceOrientations_iPhone = "UIInterfaceOrientationPortrait UIInterfaceOrientationLandscapeLeft UIInterfaceOrientationLandscapeRight";
				LD_RUNPATH_SEARCH_PATHS = (
					"$(inherited)",
					"@executable_path/Frameworks",
				);
				MARKETING_VERSION = 1.0;
				PRODUCT_NAME = "$(TARGET_NAME)";
				SWIFT_EMIT_LOC_STRINGS = YES;
				SWIFT_OBJC_BRIDGING_HEADER = "TestServer/TestServer-Bridging-Header.h";
				SWIFT_OPTIMIZATION_LEVEL = "-Onone";
				SWIFT_VERSION = 5.0;
				TARGETED_DEVICE_FAMILY = "1,2";
			};
			name = Debug;
		};
		409CE1AF2A3BFA9500620CAA /* Release */ = {
			isa = XCBuildConfiguration;
			buildSettings = {
				ASSETCATALOG_COMPILER_APPICON_NAME = AppIcon;
				ASSETCATALOG_COMPILER_GLOBAL_ACCENT_COLOR_NAME = AccentColor;
				CLANG_ENABLE_MODULES = YES;
				CODE_SIGN_STYLE = Automatic;
				CURRENT_PROJECT_VERSION = 1;
				DEVELOPMENT_ASSET_PATHS = "\"TestServer/Preview Content\"";
				ENABLE_PREVIEWS = YES;
				GENERATE_INFOPLIST_FILE = YES;
				INFOPLIST_FILE = TestServer/Info.plist;
				INFOPLIST_KEY_UIApplicationSupportsIndirectInputEvents = YES;
				INFOPLIST_KEY_UILaunchScreen_Generation = YES;
				INFOPLIST_KEY_UISupportedInterfaceOrientations_iPad = "UIInterfaceOrientationPortrait UIInterfaceOrientationPortraitUpsideDown UIInterfaceOrientationLandscapeLeft UIInterfaceOrientationLandscapeRight";
				INFOPLIST_KEY_UISupportedInterfaceOrientations_iPhone = "UIInterfaceOrientationPortrait UIInterfaceOrientationLandscapeLeft UIInterfaceOrientationLandscapeRight";
				LD_RUNPATH_SEARCH_PATHS = (
					"$(inherited)",
					"@executable_path/Frameworks",
				);
				MARKETING_VERSION = 1.0;
				PRODUCT_NAME = "$(TARGET_NAME)";
				SWIFT_EMIT_LOC_STRINGS = YES;
				SWIFT_OBJC_BRIDGING_HEADER = "TestServer/TestServer-Bridging-Header.h";
				SWIFT_VERSION = 5.0;
				TARGETED_DEVICE_FAMILY = "1,2";
			};
			name = Release;
		};
/* End XCBuildConfiguration section */

/* Begin XCConfigurationList section */
		409CE19A2A3BFA9300620CAA /* Build configuration list for PBXProject "TestServer" */ = {
			isa = XCConfigurationList;
			buildConfigurations = (
				409CE1AB2A3BFA9500620CAA /* Debug */,
				409CE1AC2A3BFA9500620CAA /* Release */,
			);
			defaultConfigurationIsVisible = 0;
			defaultConfigurationName = Release;
		};
		409CE1AD2A3BFA9500620CAA /* Build configuration list for PBXNativeTarget "TestServer" */ = {
			isa = XCConfigurationList;
			buildConfigurations = (
				409CE1AE2A3BFA9500620CAA /* Debug */,
				409CE1AF2A3BFA9500620CAA /* Release */,
			);
			defaultConfigurationIsVisible = 0;
			defaultConfigurationName = Release;
		};
/* End XCConfigurationList section */
	};
	rootObject = 409CE1972A3BFA9300620CAA /* Project object */;
}
