// !$*UTF8*$!
{
	archiveVersion = 1;
	classes = {
	};
	objectVersion = 56;
	objects = {

/* Begin PBXBuildFile section */
		EA19C6812A793C3700197481 /* CBL_Tests_iOSApp.swift in Sources */ = {isa = PBXBuildFile; fileRef = EA19C6802A793C3700197481 /* CBL_Tests_iOSApp.swift */; };
		EA19C6832A793C3700197481 /* ContentView.swift in Sources */ = {isa = PBXBuildFile; fileRef = EA19C6822A793C3700197481 /* ContentView.swift */; };
		EA19C6852A793C3800197481 /* Assets.xcassets in Resources */ = {isa = PBXBuildFile; fileRef = EA19C6842A793C3800197481 /* Assets.xcassets */; };
		EA19C6882A793C3800197481 /* Preview Assets.xcassets in Resources */ = {isa = PBXBuildFile; fileRef = EA19C6872A793C3800197481 /* Preview Assets.xcassets */; };
		EA79A99D2A7940C900530ADE /* Vapor in Frameworks */ = {isa = PBXBuildFile; productRef = EA79A99C2A7940C900530ADE /* Vapor */; };
		EA94790E2A7943CD000C584A /* TestServer.swift in Sources */ = {isa = PBXBuildFile; fileRef = EA94790D2A7943CD000C584A /* TestServer.swift */; };
		EAE658B22A795B0700C26657 /* DatabaseManager.swift in Sources */ = {isa = PBXBuildFile; fileRef = EAE658B12A795B0700C26657 /* DatabaseManager.swift */; };
		EAE658B72A795BAE00C26657 /* CouchbaseLiteSwift in Frameworks */ = {isa = PBXBuildFile; productRef = EAE658B62A795BAE00C26657 /* CouchbaseLiteSwift */; };
/* End PBXBuildFile section */

/* Begin PBXFileReference section */
		EA19C67D2A793C3700197481 /* CBL-Tests-iOS.app */ = {isa = PBXFileReference; explicitFileType = wrapper.application; includeInIndex = 0; path = "CBL-Tests-iOS.app"; sourceTree = BUILT_PRODUCTS_DIR; };
		EA19C6802A793C3700197481 /* CBL_Tests_iOSApp.swift */ = {isa = PBXFileReference; lastKnownFileType = sourcecode.swift; path = CBL_Tests_iOSApp.swift; sourceTree = "<group>"; };
		EA19C6822A793C3700197481 /* ContentView.swift */ = {isa = PBXFileReference; lastKnownFileType = sourcecode.swift; path = ContentView.swift; sourceTree = "<group>"; };
		EA19C6842A793C3800197481 /* Assets.xcassets */ = {isa = PBXFileReference; lastKnownFileType = folder.assetcatalog; path = Assets.xcassets; sourceTree = "<group>"; };
		EA19C6872A793C3800197481 /* Preview Assets.xcassets */ = {isa = PBXFileReference; lastKnownFileType = folder.assetcatalog; path = "Preview Assets.xcassets"; sourceTree = "<group>"; };
		EA94790D2A7943CD000C584A /* TestServer.swift */ = {isa = PBXFileReference; lastKnownFileType = sourcecode.swift; path = TestServer.swift; sourceTree = "<group>"; };
		EAE658B02A7955A500C26657 /* README.md */ = {isa = PBXFileReference; lastKnownFileType = net.daringfireball.markdown; path = README.md; sourceTree = "<group>"; };
		EAE658B12A795B0700C26657 /* DatabaseManager.swift */ = {isa = PBXFileReference; lastKnownFileType = sourcecode.swift; path = DatabaseManager.swift; sourceTree = "<group>"; };
/* End PBXFileReference section */

/* Begin PBXFrameworksBuildPhase section */
		EA19C67A2A793C3700197481 /* Frameworks */ = {
			isa = PBXFrameworksBuildPhase;
			buildActionMask = 2147483647;
			files = (
				EAE658B72A795BAE00C26657 /* CouchbaseLiteSwift in Frameworks */,
				EA79A99D2A7940C900530ADE /* Vapor in Frameworks */,
			);
			runOnlyForDeploymentPostprocessing = 0;
		};
/* End PBXFrameworksBuildPhase section */

/* Begin PBXGroup section */
		EA19C6742A793C3700197481 = {
			isa = PBXGroup;
			children = (
				EAE658B02A7955A500C26657 /* README.md */,
				EA9479062A7942F6000C584A /* App */,
				EA19C6802A793C3700197481 /* CBL_Tests_iOSApp.swift */,
				EA19C6822A793C3700197481 /* ContentView.swift */,
				EA19C6842A793C3800197481 /* Assets.xcassets */,
				EA19C6862A793C3800197481 /* Preview Content */,
				EA19C67E2A793C3700197481 /* Products */,
				EAE658B52A795BAE00C26657 /* Frameworks */,
			);
			sourceTree = "<group>";
		};
		EA19C67E2A793C3700197481 /* Products */ = {
			isa = PBXGroup;
			children = (
				EA19C67D2A793C3700197481 /* CBL-Tests-iOS.app */,
			);
			name = Products;
			sourceTree = "<group>";
		};
		EA19C6862A793C3800197481 /* Preview Content */ = {
			isa = PBXGroup;
			children = (
				EA19C6872A793C3800197481 /* Preview Assets.xcassets */,
			);
			path = "Preview Content";
			sourceTree = "<group>";
		};
		EA9479062A7942F6000C584A /* App */ = {
			isa = PBXGroup;
			children = (
				EA94790D2A7943CD000C584A /* TestServer.swift */,
				EAE658B12A795B0700C26657 /* DatabaseManager.swift */,
			);
			path = App;
			sourceTree = "<group>";
		};
		EAE658B52A795BAE00C26657 /* Frameworks */ = {
			isa = PBXGroup;
			children = (
			);
			name = Frameworks;
			sourceTree = "<group>";
		};
/* End PBXGroup section */

/* Begin PBXNativeTarget section */
		EA19C67C2A793C3700197481 /* CBL-Tests-iOS */ = {
			isa = PBXNativeTarget;
			buildConfigurationList = EA19C68B2A793C3800197481 /* Build configuration list for PBXNativeTarget "CBL-Tests-iOS" */;
			buildPhases = (
				EA19C6792A793C3700197481 /* Sources */,
				EA19C67A2A793C3700197481 /* Frameworks */,
				EA19C67B2A793C3700197481 /* Resources */,
			);
			buildRules = (
			);
			dependencies = (
			);
			name = "CBL-Tests-iOS";
			packageProductDependencies = (
				EA79A99C2A7940C900530ADE /* Vapor */,
				EAE658B62A795BAE00C26657 /* CouchbaseLiteSwift */,
			);
			productName = "CBL-Tests-iOS";
			productReference = EA19C67D2A793C3700197481 /* CBL-Tests-iOS.app */;
			productType = "com.apple.product-type.application";
		};
/* End PBXNativeTarget section */

/* Begin PBXProject section */
		EA19C6752A793C3700197481 /* Project object */ = {
			isa = PBXProject;
			attributes = {
				BuildIndependentTargetsInParallel = 1;
				LastSwiftUpdateCheck = 1430;
				LastUpgradeCheck = 1430;
				TargetAttributes = {
					EA19C67C2A793C3700197481 = {
						CreatedOnToolsVersion = 14.3.1;
					};
				};
			};
			buildConfigurationList = EA19C6782A793C3700197481 /* Build configuration list for PBXProject "CBL-Tests-iOS" */;
			compatibilityVersion = "Xcode 14.0";
			developmentRegion = en;
			hasScannedForEncodings = 0;
			knownRegions = (
				en,
				Base,
			);
			mainGroup = EA19C6742A793C3700197481;
			packageReferences = (
				EA79A99B2A7940C900530ADE /* XCRemoteSwiftPackageReference "vapor" */,
				EA9479102A794975000C584A /* XCRemoteSwiftPackageReference "couchbase-lite-swift-ee" */,
			);
			productRefGroup = EA19C67E2A793C3700197481 /* Products */;
			projectDirPath = "";
			projectRoot = "";
			targets = (
				EA19C67C2A793C3700197481 /* CBL-Tests-iOS */,
			);
		};
/* End PBXProject section */

/* Begin PBXResourcesBuildPhase section */
		EA19C67B2A793C3700197481 /* Resources */ = {
			isa = PBXResourcesBuildPhase;
			buildActionMask = 2147483647;
			files = (
				EA19C6882A793C3800197481 /* Preview Assets.xcassets in Resources */,
				EA19C6852A793C3800197481 /* Assets.xcassets in Resources */,
			);
			runOnlyForDeploymentPostprocessing = 0;
		};
/* End PBXResourcesBuildPhase section */

/* Begin PBXSourcesBuildPhase section */
		EA19C6792A793C3700197481 /* Sources */ = {
			isa = PBXSourcesBuildPhase;
			buildActionMask = 2147483647;
			files = (
				EAE658B22A795B0700C26657 /* DatabaseManager.swift in Sources */,
				EA19C6832A793C3700197481 /* ContentView.swift in Sources */,
				EA94790E2A7943CD000C584A /* TestServer.swift in Sources */,
				EA19C6812A793C3700197481 /* CBL_Tests_iOSApp.swift in Sources */,
			);
			runOnlyForDeploymentPostprocessing = 0;
		};
/* End PBXSourcesBuildPhase section */

/* Begin XCBuildConfiguration section */
		EA19C6892A793C3800197481 /* Debug */ = {
			isa = XCBuildConfiguration;
			buildSettings = {
				ALWAYS_SEARCH_USER_PATHS = NO;
				CLANG_ANALYZER_NONNULL = YES;
				CLANG_ANALYZER_NUMBER_OBJECT_CONVERSION = YES_AGGRESSIVE;
				CLANG_CXX_LANGUAGE_STANDARD = "gnu++20";
				CLANG_ENABLE_MODULES = YES;
				CLANG_ENABLE_OBJC_ARC = YES;
				CLANG_ENABLE_OBJC_WEAK = YES;
				CLANG_WARN_BLOCK_CAPTURE_AUTORELEASING = YES;
				CLANG_WARN_BOOL_CONVERSION = YES;
				CLANG_WARN_COMMA = YES;
				CLANG_WARN_CONSTANT_CONVERSION = YES;
				CLANG_WARN_DEPRECATED_OBJC_IMPLEMENTATIONS = YES;
				CLANG_WARN_DIRECT_OBJC_ISA_USAGE = YES_ERROR;
				CLANG_WARN_DOCUMENTATION_COMMENTS = YES;
				CLANG_WARN_EMPTY_BODY = YES;
				CLANG_WARN_ENUM_CONVERSION = YES;
				CLANG_WARN_INFINITE_RECURSION = YES;
				CLANG_WARN_INT_CONVERSION = YES;
				CLANG_WARN_NON_LITERAL_NULL_CONVERSION = YES;
				CLANG_WARN_OBJC_IMPLICIT_RETAIN_SELF = YES;
				CLANG_WARN_OBJC_LITERAL_CONVERSION = YES;
				CLANG_WARN_OBJC_ROOT_CLASS = YES_ERROR;
				CLANG_WARN_QUOTED_INCLUDE_IN_FRAMEWORK_HEADER = YES;
				CLANG_WARN_RANGE_LOOP_ANALYSIS = YES;
				CLANG_WARN_STRICT_PROTOTYPES = YES;
				CLANG_WARN_SUSPICIOUS_MOVE = YES;
				CLANG_WARN_UNGUARDED_AVAILABILITY = YES_AGGRESSIVE;
				CLANG_WARN_UNREACHABLE_CODE = YES;
				CLANG_WARN__DUPLICATE_METHOD_MATCH = YES;
				COPY_PHASE_STRIP = NO;
				DEBUG_INFORMATION_FORMAT = dwarf;
				ENABLE_STRICT_OBJC_MSGSEND = YES;
				ENABLE_TESTABILITY = YES;
				GCC_C_LANGUAGE_STANDARD = gnu11;
				GCC_DYNAMIC_NO_PIC = NO;
				GCC_NO_COMMON_BLOCKS = YES;
				GCC_OPTIMIZATION_LEVEL = 0;
				GCC_PREPROCESSOR_DEFINITIONS = (
					"DEBUG=1",
					"$(inherited)",
				);
				GCC_WARN_64_TO_32_BIT_CONVERSION = YES;
				GCC_WARN_ABOUT_RETURN_TYPE = YES_ERROR;
				GCC_WARN_UNDECLARED_SELECTOR = YES;
				GCC_WARN_UNINITIALIZED_AUTOS = YES_AGGRESSIVE;
				GCC_WARN_UNUSED_FUNCTION = YES;
				GCC_WARN_UNUSED_VARIABLE = YES;
				IPHONEOS_DEPLOYMENT_TARGET = 16.4;
				MTL_ENABLE_DEBUG_INFO = INCLUDE_SOURCE;
				MTL_FAST_MATH = YES;
				ONLY_ACTIVE_ARCH = YES;
				SDKROOT = iphoneos;
				SWIFT_ACTIVE_COMPILATION_CONDITIONS = DEBUG;
				SWIFT_OPTIMIZATION_LEVEL = "-Onone";
			};
			name = Debug;
		};
		EA19C68A2A793C3800197481 /* Release */ = {
			isa = XCBuildConfiguration;
			buildSettings = {
				ALWAYS_SEARCH_USER_PATHS = NO;
				CLANG_ANALYZER_NONNULL = YES;
				CLANG_ANALYZER_NUMBER_OBJECT_CONVERSION = YES_AGGRESSIVE;
				CLANG_CXX_LANGUAGE_STANDARD = "gnu++20";
				CLANG_ENABLE_MODULES = YES;
				CLANG_ENABLE_OBJC_ARC = YES;
				CLANG_ENABLE_OBJC_WEAK = YES;
				CLANG_WARN_BLOCK_CAPTURE_AUTORELEASING = YES;
				CLANG_WARN_BOOL_CONVERSION = YES;
				CLANG_WARN_COMMA = YES;
				CLANG_WARN_CONSTANT_CONVERSION = YES;
				CLANG_WARN_DEPRECATED_OBJC_IMPLEMENTATIONS = YES;
				CLANG_WARN_DIRECT_OBJC_ISA_USAGE = YES_ERROR;
				CLANG_WARN_DOCUMENTATION_COMMENTS = YES;
				CLANG_WARN_EMPTY_BODY = YES;
				CLANG_WARN_ENUM_CONVERSION = YES;
				CLANG_WARN_INFINITE_RECURSION = YES;
				CLANG_WARN_INT_CONVERSION = YES;
				CLANG_WARN_NON_LITERAL_NULL_CONVERSION = YES;
				CLANG_WARN_OBJC_IMPLICIT_RETAIN_SELF = YES;
				CLANG_WARN_OBJC_LITERAL_CONVERSION = YES;
				CLANG_WARN_OBJC_ROOT_CLASS = YES_ERROR;
				CLANG_WARN_QUOTED_INCLUDE_IN_FRAMEWORK_HEADER = YES;
				CLANG_WARN_RANGE_LOOP_ANALYSIS = YES;
				CLANG_WARN_STRICT_PROTOTYPES = YES;
				CLANG_WARN_SUSPICIOUS_MOVE = YES;
				CLANG_WARN_UNGUARDED_AVAILABILITY = YES_AGGRESSIVE;
				CLANG_WARN_UNREACHABLE_CODE = YES;
				CLANG_WARN__DUPLICATE_METHOD_MATCH = YES;
				COPY_PHASE_STRIP = NO;
				DEBUG_INFORMATION_FORMAT = "dwarf-with-dsym";
				ENABLE_NS_ASSERTIONS = NO;
				ENABLE_STRICT_OBJC_MSGSEND = YES;
				GCC_C_LANGUAGE_STANDARD = gnu11;
				GCC_NO_COMMON_BLOCKS = YES;
				GCC_WARN_64_TO_32_BIT_CONVERSION = YES;
				GCC_WARN_ABOUT_RETURN_TYPE = YES_ERROR;
				GCC_WARN_UNDECLARED_SELECTOR = YES;
				GCC_WARN_UNINITIALIZED_AUTOS = YES_AGGRESSIVE;
				GCC_WARN_UNUSED_FUNCTION = YES;
				GCC_WARN_UNUSED_VARIABLE = YES;
				IPHONEOS_DEPLOYMENT_TARGET = 16.4;
				MTL_ENABLE_DEBUG_INFO = NO;
				MTL_FAST_MATH = YES;
				SDKROOT = iphoneos;
				SWIFT_COMPILATION_MODE = wholemodule;
				SWIFT_OPTIMIZATION_LEVEL = "-O";
				VALIDATE_PRODUCT = YES;
			};
			name = Release;
		};
		EA19C68C2A793C3800197481 /* Debug */ = {
			isa = XCBuildConfiguration;
			buildSettings = {
				ASSETCATALOG_COMPILER_APPICON_NAME = AppIcon;
				ASSETCATALOG_COMPILER_GLOBAL_ACCENT_COLOR_NAME = AccentColor;
				CODE_SIGN_STYLE = Automatic;
				CURRENT_PROJECT_VERSION = 1;
				DEVELOPMENT_ASSET_PATHS = "\"Preview Content\"";
				DEVELOPMENT_TEAM = 2T2BCTRWR2;
				ENABLE_PREVIEWS = YES;
				GENERATE_INFOPLIST_FILE = YES;
				INFOPLIST_KEY_UIApplicationSceneManifest_Generation = YES;
				INFOPLIST_KEY_UIApplicationSupportsIndirectInputEvents = YES;
				INFOPLIST_KEY_UILaunchScreen_Generation = YES;
				INFOPLIST_KEY_UISupportedInterfaceOrientations = UIInterfaceOrientationPortrait;
				INFOPLIST_KEY_UISupportedInterfaceOrientations_iPad = "UIInterfaceOrientationLandscapeLeft UIInterfaceOrientationLandscapeRight UIInterfaceOrientationPortrait UIInterfaceOrientationPortraitUpsideDown";
				IPHONEOS_DEPLOYMENT_TARGET = 16.0;
				LD_RUNPATH_SEARCH_PATHS = (
					"$(inherited)",
					"@executable_path/Frameworks",
				);
				MARKETING_VERSION = 1.0;
				PRODUCT_BUNDLE_IDENTIFIER = "com.couchbase.CBL-Tests-iOS";
				PRODUCT_NAME = "$(TARGET_NAME)";
				SWIFT_EMIT_LOC_STRINGS = YES;
				SWIFT_VERSION = 5.0;
				TARGETED_DEVICE_FAMILY = "1,2";
			};
			name = Debug;
		};
		EA19C68D2A793C3800197481 /* Release */ = {
			isa = XCBuildConfiguration;
			buildSettings = {
				ASSETCATALOG_COMPILER_APPICON_NAME = AppIcon;
				ASSETCATALOG_COMPILER_GLOBAL_ACCENT_COLOR_NAME = AccentColor;
				CODE_SIGN_STYLE = Automatic;
				CURRENT_PROJECT_VERSION = 1;
				DEVELOPMENT_ASSET_PATHS = "\"Preview Content\"";
				DEVELOPMENT_TEAM = 2T2BCTRWR2;
				ENABLE_PREVIEWS = YES;
				GENERATE_INFOPLIST_FILE = YES;
				INFOPLIST_KEY_UIApplicationSceneManifest_Generation = YES;
				INFOPLIST_KEY_UIApplicationSupportsIndirectInputEvents = YES;
				INFOPLIST_KEY_UILaunchScreen_Generation = YES;
				INFOPLIST_KEY_UISupportedInterfaceOrientations = UIInterfaceOrientationPortrait;
				INFOPLIST_KEY_UISupportedInterfaceOrientations_iPad = "UIInterfaceOrientationLandscapeLeft UIInterfaceOrientationLandscapeRight UIInterfaceOrientationPortrait UIInterfaceOrientationPortraitUpsideDown";
				IPHONEOS_DEPLOYMENT_TARGET = 16.0;
				LD_RUNPATH_SEARCH_PATHS = (
					"$(inherited)",
					"@executable_path/Frameworks",
				);
				MARKETING_VERSION = 1.0;
				PRODUCT_BUNDLE_IDENTIFIER = "com.couchbase.CBL-Tests-iOS";
				PRODUCT_NAME = "$(TARGET_NAME)";
				SWIFT_EMIT_LOC_STRINGS = YES;
				SWIFT_VERSION = 5.0;
				TARGETED_DEVICE_FAMILY = "1,2";
			};
			name = Release;
		};
/* End XCBuildConfiguration section */

/* Begin XCConfigurationList section */
		EA19C6782A793C3700197481 /* Build configuration list for PBXProject "CBL-Tests-iOS" */ = {
			isa = XCConfigurationList;
			buildConfigurations = (
				EA19C6892A793C3800197481 /* Debug */,
				EA19C68A2A793C3800197481 /* Release */,
			);
			defaultConfigurationIsVisible = 0;
			defaultConfigurationName = Release;
		};
		EA19C68B2A793C3800197481 /* Build configuration list for PBXNativeTarget "CBL-Tests-iOS" */ = {
			isa = XCConfigurationList;
			buildConfigurations = (
				EA19C68C2A793C3800197481 /* Debug */,
				EA19C68D2A793C3800197481 /* Release */,
			);
			defaultConfigurationIsVisible = 0;
			defaultConfigurationName = Release;
		};
/* End XCConfigurationList section */

/* Begin XCRemoteSwiftPackageReference section */
		EA79A99B2A7940C900530ADE /* XCRemoteSwiftPackageReference "vapor" */ = {
			isa = XCRemoteSwiftPackageReference;
			repositoryURL = "git@github.com:vapor/vapor";
			requirement = {
				kind = upToNextMajorVersion;
				minimumVersion = 4.0.0;
			};
		};
		EA9479102A794975000C584A /* XCRemoteSwiftPackageReference "couchbase-lite-swift-ee" */ = {
			isa = XCRemoteSwiftPackageReference;
			repositoryURL = "git@github.com:couchbase/couchbase-lite-swift-ee.git";
			requirement = {
				kind = upToNextMajorVersion;
				minimumVersion = 3.1.1;
			};
		};
/* End XCRemoteSwiftPackageReference section */

/* Begin XCSwiftPackageProductDependency section */
		EA79A99C2A7940C900530ADE /* Vapor */ = {
			isa = XCSwiftPackageProductDependency;
			package = EA79A99B2A7940C900530ADE /* XCRemoteSwiftPackageReference "vapor" */;
			productName = Vapor;
		};
		EAE658B62A795BAE00C26657 /* CouchbaseLiteSwift */ = {
			isa = XCSwiftPackageProductDependency;
			package = EA9479102A794975000C584A /* XCRemoteSwiftPackageReference "couchbase-lite-swift-ee" */;
			productName = CouchbaseLiteSwift;
		};
/* End XCSwiftPackageProductDependency section */
	};
	rootObject = EA19C6752A793C3700197481 /* Project object */;
}
